
Microsoft Visual Studio Solution File, Format Version 12.00
# Visual Studio Version 17
VisualStudioVersion = 17.6.33829.357
MinimumVisualStudioVersion = 10.0.40219.1
Project("{2150E333-8FDC-42A3-9474-1A3956D46DE8}") = "src", "src", "{ED6D078F-B0A2-48E8-A09D-3B7CDF6CE3D1}"
EndProject
Project("{2150E333-8FDC-42A3-9474-1A3956D46DE8}") = "test", "test", "{0BC55E3B-4964-48E3-A390-2ADD37980149}"
EndProject
Project("{9A19103F-16F7-4668-BE54-9A1E7A4F7556}") = "Volo.Abp.AspNetCore.Mvc.UI.Theme.Basic", "src\Volo.Abp.AspNetCore.Mvc.UI.Theme.Basic\Volo.Abp.AspNetCore.Mvc.UI.Theme.Basic.csproj", "{21E20CC4-E82B-451B-BB73-141997C81C56}"
EndProject
Project("{9A19103F-16F7-4668-BE54-9A1E7A4F7556}") = "Volo.Abp.BasicTheme.Installer", "src\Volo.Abp.BasicTheme.Installer\Volo.Abp.BasicTheme.Installer.csproj", "{3068A87F-3348-4981-8241-2630BC496117}"
EndProject
Project("{9A19103F-16F7-4668-BE54-9A1E7A4F7556}") = "Unity.Theme.Tests", "test\Unity.Theme.Tests\Unity.Theme.Tests.csproj", "{7E2B76BE-AAF3-4DAB-98FF-592583BFDB78}"
EndProject
Global
	GlobalSection(SolutionConfigurationPlatforms) = preSolution
		Debug|Any CPU = Debug|Any CPU
		Release|Any CPU = Release|Any CPU
	EndGlobalSection
	GlobalSection(ProjectConfigurationPlatforms) = postSolution
		{21E20CC4-E82B-451B-BB73-141997C81C56}.Debug|Any CPU.ActiveCfg = Debug|Any CPU
		{21E20CC4-E82B-451B-BB73-141997C81C56}.Debug|Any CPU.Build.0 = Debug|Any CPU
		{21E20CC4-E82B-451B-BB73-141997C81C56}.Release|Any CPU.ActiveCfg = Release|Any CPU
		{21E20CC4-E82B-451B-BB73-141997C81C56}.Release|Any CPU.Build.0 = Release|Any CPU
		{3068A87F-3348-4981-8241-2630BC496117}.Debug|Any CPU.ActiveCfg = Debug|Any CPU
		{3068A87F-3348-4981-8241-2630BC496117}.Debug|Any CPU.Build.0 = Debug|Any CPU
		{3068A87F-3348-4981-8241-2630BC496117}.Release|Any CPU.ActiveCfg = Release|Any CPU
		{3068A87F-3348-4981-8241-2630BC496117}.Release|Any CPU.Build.0 = Release|Any CPU
		{7E2B76BE-AAF3-4DAB-98FF-592583BFDB78}.Debug|Any CPU.ActiveCfg = Debug|Any CPU
		{7E2B76BE-AAF3-4DAB-98FF-592583BFDB78}.Debug|Any CPU.Build.0 = Debug|Any CPU
		{7E2B76BE-AAF3-4DAB-98FF-592583BFDB78}.Release|Any CPU.ActiveCfg = Release|Any CPU
		{7E2B76BE-AAF3-4DAB-98FF-592583BFDB78}.Release|Any CPU.Build.0 = Release|Any CPU
	EndGlobalSection
	GlobalSection(SolutionProperties) = preSolution
		HideSolutionNode = FALSE
	EndGlobalSection
	GlobalSection(NestedProjects) = preSolution
		{21E20CC4-E82B-451B-BB73-141997C81C56} = {ED6D078F-B0A2-48E8-A09D-3B7CDF6CE3D1}
		{3068A87F-3348-4981-8241-2630BC496117} = {ED6D078F-B0A2-48E8-A09D-3B7CDF6CE3D1}
		{7E2B76BE-AAF3-4DAB-98FF-592583BFDB78} = {0BC55E3B-4964-48E3-A390-2ADD37980149}
	EndGlobalSection
EndGlobal
