
Microsoft Visual Studio Solution File, Format Version 12.00
# Visual Studio Version 17
VisualStudioVersion = 17.6.33801.468
MinimumVisualStudioVersion = 10.0.40219.1
Project("{9A19103F-16F7-4668-BE54-9A1E7A4F7556}") = "Unity.GrantManager.Domain", "src\Unity.GrantManager.Domain\Unity.GrantManager.Domain.csproj", "{554AD327-6DBA-4F8F-96F8-81CE7A0C863F}"
EndProject
Project("{9A19103F-16F7-4668-BE54-9A1E7A4F7556}") = "Unity.Payments.TestBase", "modules\Unity.Payments\test\Unity.Payments.TestBase\Unity.Payments.TestBase.csproj", "{aaca1640-8e9a-48ba-9460-4ee3713fb856}"
EndProject
Project("{9A19103F-16F7-4668-BE54-9A1E7A4F7556}") = "Unity.Payments.HttpApi.Client.ConsoleTestApp", "modules\Unity.Payments\test\Unity.Payments.HttpApi.Client.ConsoleTestApp\Unity.Payments.HttpApi.Client.ConsoleTestApp.csproj", "{449c3527-a5ef-44a6-b180-9c1d333bb595}"
EndProject
Project("{9A19103F-16F7-4668-BE54-9A1E7A4F7556}") = "Unity.Payments.EntityFrameworkCore.Tests", "modules\Unity.Payments\test\Unity.Payments.EntityFrameworkCore.Tests\Unity.Payments.EntityFrameworkCore.Tests.csproj", "{917af903-d0ed-4710-84e8-801cce02f34f}"
EndProject
Project("{9A19103F-16F7-4668-BE54-9A1E7A4F7556}") = "Unity.Payments.Domain.Tests", "modules\Unity.Payments\test\Unity.Payments.Domain.Tests\Unity.Payments.Domain.Tests.csproj", "{9ffded70-9998-4af1-bf38-dcd49006f185}"
EndProject
Project("{9A19103F-16F7-4668-BE54-9A1E7A4F7556}") = "Unity.Payments.Application.Tests", "modules\Unity.Payments\test\Unity.Payments.Application.Tests\Unity.Payments.Application.Tests.csproj", "{4b7fa256-3738-4933-8064-2080ca595627}"
EndProject
Project("{9A19103F-16F7-4668-BE54-9A1E7A4F7556}") = "Unity.Payments.Web", "modules\Unity.Payments\src\Unity.Payments.Web\Unity.Payments.Web.csproj", "{4393c2e5-b3ea-4fe9-b9be-a1178d61ba95}"
EndProject
Project("{9A19103F-16F7-4668-BE54-9A1E7A4F7556}") = "Unity.Payments.Installer", "modules\Unity.Payments\src\Unity.Payments.Installer\Unity.Payments.Installer.csproj", "{2e06aa34-7f99-4fdf-87a0-08e2ac8b43fa}"
EndProject
Project("{9A19103F-16F7-4668-BE54-9A1E7A4F7556}") = "Unity.Payments.HttpApi.Client", "modules\Unity.Payments\src\Unity.Payments.HttpApi.Client\Unity.Payments.HttpApi.Client.csproj", "{22c413fe-6baa-4a99-b905-7b25e8ef7e1d}"
EndProject
Project("{9A19103F-16F7-4668-BE54-9A1E7A4F7556}") = "Unity.Payments.HttpApi", "modules\Unity.Payments\src\Unity.Payments.HttpApi\Unity.Payments.HttpApi.csproj", "{3f046bd1-79c9-4d80-bd8b-142ac289c3eb}"
EndProject
Project("{9A19103F-16F7-4668-BE54-9A1E7A4F7556}") = "Unity.Payments.EntityFrameworkCore", "modules\Unity.Payments\src\Unity.Payments.EntityFrameworkCore\Unity.Payments.EntityFrameworkCore.csproj", "{f226f954-04d3-4427-a148-152e38fa2abe}"
EndProject
Project("{9A19103F-16F7-4668-BE54-9A1E7A4F7556}") = "Unity.Payments.Domain.Shared", "modules\Unity.Payments\src\Unity.Payments.Domain.Shared\Unity.Payments.Domain.Shared.csproj", "{addc2c79-590a-4a45-ba4f-0e830f2c0d91}"
EndProject
Project("{9A19103F-16F7-4668-BE54-9A1E7A4F7556}") = "Unity.Payments.Domain", "modules\Unity.Payments\src\Unity.Payments.Domain\Unity.Payments.Domain.csproj", "{e0786b9b-da3f-496f-9606-7e1d48766ced}"
EndProject
Project("{9A19103F-16F7-4668-BE54-9A1E7A4F7556}") = "Unity.Payments.Application.Contracts", "modules\Unity.Payments\src\Unity.Payments.Application.Contracts\Unity.Payments.Application.Contracts.csproj", "{bd1ec3cc-9cce-49a8-b5bb-7493452d09bb}"
EndProject
Project("{9A19103F-16F7-4668-BE54-9A1E7A4F7556}") = "Unity.Payments.Application", "modules\Unity.Payments\src\Unity.Payments.Application\Unity.Payments.Application.csproj", "{07fd7b3d-a5c5-4aeb-86a3-9536d94ff861}"
EndProject
Project("{2150E333-8FDC-42A3-9474-1A3956D46DE8}") = "Unity.Payments.Tests", "Unity.Payments.Tests", "{dcd8f5b7-b381-4c10-ab86-efe884cebadb}"
EndProject
Project("{2150E333-8FDC-42A3-9474-1A3956D46DE8}") = "Unity.Payments", "Unity.Payments", "{dc64fa90-4e98-442f-bba9-116940a928cf}"
EndProject
Project("{2150E333-8FDC-42A3-9474-1A3956D46DE8}") = "Volo.BasicTheme", "Volo.BasicTheme", "{F842C2BC-69B0-4F40-9774-6CA4EDE26A12}"
EndProject
Project("{2150E333-8FDC-42A3-9474-1A3956D46DE8}") = "modules", "modules", "{00099710-CF66-4BD2-932C-5B7534B78185}"
EndProject
Project("{9A19103F-16F7-4668-BE54-9A1E7A4F7556}") = "Unity.GrantManager.Application", "src\Unity.GrantManager.Application\Unity.GrantManager.Application.csproj", "{1A94A50E-06DC-43C1-80B5-B662820EC3EB}"
EndProject
Project("{9A19103F-16F7-4668-BE54-9A1E7A4F7556}") = "Unity.GrantManager.EntityFrameworkCore", "src\Unity.GrantManager.EntityFrameworkCore\Unity.GrantManager.EntityFrameworkCore.csproj", "{C956DD76-69C8-4A9C-83EA-D17DF83340FD}"
EndProject
Project("{9A19103F-16F7-4668-BE54-9A1E7A4F7556}") = "Unity.GrantManager.Web", "src\Unity.GrantManager.Web\Unity.GrantManager.Web.csproj", "{068855E8-9240-4F1A-910B-CF825794513B}"
EndProject
Project("{2150E333-8FDC-42A3-9474-1A3956D46DE8}") = "src", "src", "{CA9AC87F-097E-4F15-8393-4BC07735A5B0}"
EndProject
Project("{2150E333-8FDC-42A3-9474-1A3956D46DE8}") = "test", "test", "{04DBDB01-70F4-4E06-B468-8F87850B22BE}"
EndProject
Project("{9A19103F-16F7-4668-BE54-9A1E7A4F7556}") = "Unity.GrantManager.Application.Tests", "test\Unity.GrantManager.Application.Tests\Unity.GrantManager.Application.Tests.csproj", "{50B2631D-129C-47B3-A587-029CCD6099BC}"
EndProject
Project("{9A19103F-16F7-4668-BE54-9A1E7A4F7556}") = "Unity.GrantManager.Web.Tests", "test\Unity.GrantManager.Web.Tests\Unity.GrantManager.Web.Tests.csproj", "{5F1B28C6-8D0C-4155-92D0-252F7EA5F674}"
EndProject
Project("{9A19103F-16F7-4668-BE54-9A1E7A4F7556}") = "Unity.GrantManager.Domain.Shared", "src\Unity.GrantManager.Domain.Shared\Unity.GrantManager.Domain.Shared.csproj", "{42F719ED-8413-4895-B5B4-5AB56079BC66}"
EndProject
Project("{9A19103F-16F7-4668-BE54-9A1E7A4F7556}") = "Unity.GrantManager.Application.Contracts", "src\Unity.GrantManager.Application.Contracts\Unity.GrantManager.Application.Contracts.csproj", "{520659C8-C734-4298-A3DA-B539DB9DFC0B}"
EndProject
Project("{9A19103F-16F7-4668-BE54-9A1E7A4F7556}") = "Unity.GrantManager.HttpApi", "src\Unity.GrantManager.HttpApi\Unity.GrantManager.HttpApi.csproj", "{4164BDF7-F527-4E85-9CE6-E3C2D7426A27}"
EndProject
Project("{9A19103F-16F7-4668-BE54-9A1E7A4F7556}") = "Unity.GrantManager.HttpApi.Client", "src\Unity.GrantManager.HttpApi.Client\Unity.GrantManager.HttpApi.Client.csproj", "{3B5A0094-670D-4BB1-BFDD-61B88A8773DC}"
EndProject
Project("{9A19103F-16F7-4668-BE54-9A1E7A4F7556}") = "Unity.GrantManager.EntityFrameworkCore.Tests", "test\Unity.GrantManager.EntityFrameworkCore.Tests\Unity.GrantManager.EntityFrameworkCore.Tests.csproj", "{1FE30EB9-74A9-47F5-A9F6-7B1FAB672D81}"
EndProject
Project("{9A19103F-16F7-4668-BE54-9A1E7A4F7556}") = "Unity.GrantManager.TestBase", "test\Unity.GrantManager.TestBase\Unity.GrantManager.TestBase.csproj", "{91853F21-9CD9-4132-BC29-A7D5D84FFFE7}"
EndProject
Project("{9A19103F-16F7-4668-BE54-9A1E7A4F7556}") = "Unity.GrantManager.Domain.Tests", "test\Unity.GrantManager.Domain.Tests\Unity.GrantManager.Domain.Tests.csproj", "{E512F4D9-9375-480F-A2F6-A46509F9D824}"
EndProject
Project("{9A19103F-16F7-4668-BE54-9A1E7A4F7556}") = "Unity.GrantManager.DbMigrator", "src\Unity.GrantManager.DbMigrator\Unity.GrantManager.DbMigrator.csproj", "{AA94D832-1CCC-4715-95A9-A483F23A1A5D}"
EndProject
Project("{9A19103F-16F7-4668-BE54-9A1E7A4F7556}") = "Volo.Abp.AspNetCore.Mvc.UI.Theme.Basic", "modules\Volo.BasicTheme\src\Volo.Abp.AspNetCore.Mvc.UI.Theme.Basic\Volo.Abp.AspNetCore.Mvc.UI.Theme.Basic.csproj", "{33ED9030-5498-4DFF-B938-62793F1BE0B2}"
EndProject
Project("{9A19103F-16F7-4668-BE54-9A1E7A4F7556}") = "Unity.Theme.Tests", "modules\Volo.BasicTheme\test\Unity.Theme.Tests\Unity.Theme.Tests.csproj", "{210951F1-2104-4B12-BB6E-2DB7625B0864}"
EndProject
Project("{2150E333-8FDC-42A3-9474-1A3956D46DE8}") = "Unity.Identity.Web", "Unity.Identity.Web", "{F0333A40-3831-4AD2-A09A-42D35AC4F461}"
EndProject
Project("{9A19103F-16F7-4668-BE54-9A1E7A4F7556}") = "Unity.Identity.Web.Tests", "modules\Unity.Identity.Web\test\Unity.Identity.Web.Tests\Unity.Identity.Web.Tests.csproj", "{AED84E39-61B5-44CE-BBE9-D9E33A1A6585}"
EndProject
Project("{9A19103F-16F7-4668-BE54-9A1E7A4F7556}") = "Unity.Identity.Web", "modules\Unity.Identity.Web\src\Unity.Identity.Web.csproj", "{DFA7DD09-BBF2-45A0-96B2-E73400D6E5AD}"
EndProject
Project("{2150E333-8FDC-42A3-9474-1A3956D46DE8}") = "Unity.TenantManagement", "Unity.TenantManagement", "{4D277ADA-5CCF-4ED6-9841-EF1B46C53560}"
EndProject
Project("{2150E333-8FDC-42A3-9474-1A3956D46DE8}") = "src", "src", "{0CD59C19-8A24-41C6-B2BE-6C24C6CBF22E}"
EndProject
Project("{2150E333-8FDC-42A3-9474-1A3956D46DE8}") = "test", "test", "{7C455D56-4BE2-40D2-972B-8B1343F64971}"
EndProject
Project("{9A19103F-16F7-4668-BE54-9A1E7A4F7556}") = "Unity.TenantManagement.Application", "modules\Unity.TenantManagement\src\Unity.TenantManagement.Application\Unity.TenantManagement.Application.csproj", "{968004D8-3F03-4319-9923-2B2743E8953F}"
EndProject
Project("{9A19103F-16F7-4668-BE54-9A1E7A4F7556}") = "Unity.TenantManagement.Application.Contracts", "modules\Unity.TenantManagement\src\Unity.TenantManagement.Application.Contracts\Unity.TenantManagement.Application.Contracts.csproj", "{73A2E7ED-B537-44F8-9FF2-D0D6AE32D52E}"
EndProject
Project("{9A19103F-16F7-4668-BE54-9A1E7A4F7556}") = "Unity.TenantManagement.Web", "modules\Unity.TenantManagement\src\Unity.TenantManagement.Web\Unity.TenantManagement.Web.csproj", "{83E01FA2-38B7-41D3-88B9-A5D9DAD777CC}"
EndProject
Project("{9A19103F-16F7-4668-BE54-9A1E7A4F7556}") = "Unity.TenantManagement.Application.Tests", "modules\Unity.TenantManagement\test\Unity.TenantManagement.Application.Tests\Unity.TenantManagement.Application.Tests.csproj", "{25F9B05F-3CF7-491C-BECC-36DAA0BB948A}"
EndProject
Project("{9A19103F-16F7-4668-BE54-9A1E7A4F7556}") = "Unity.TenantManagement.EntityFrameworkCore.Tests", "modules\Unity.TenantManagement\test\Unity.TenantManagement.EntityFrameworkCore.Tests\Unity.TenantManagement.EntityFrameworkCore.Tests.csproj", "{30F22E60-5ACD-46D5-A6F9-A8CD3882A0D4}"
EndProject
Project("{9A19103F-16F7-4668-BE54-9A1E7A4F7556}") = "Unity.TenantManagement.TestBase", "modules\Unity.TenantManagement\test\Unity.TenantManagement.TestBase\Unity.TenantManagement.TestBase.csproj", "{280DDACE-FBFF-4B52-8C8F-FDDBE12C05A5}"
EndProject
Project("{9A19103F-16F7-4668-BE54-9A1E7A4F7556}") = "Unity.TenantManagement.HttpApi", "modules\Unity.TenantManagement\src\Unity.TenantManagement.HttpApi\Unity.TenantManagement.HttpApi.csproj", "{D36D1B15-2769-48EE-837C-D38287E2C1AA}"
EndProject
Project("{9A19103F-16F7-4668-BE54-9A1E7A4F7556}") = "Unity.TenantManagement.HttpApi.Client", "modules\Unity.TenantManagement\src\Unity.TenantManagement.HttpApi.Client\Unity.TenantManagement.HttpApi.Client.csproj", "{63692EBE-6C14-4E7A-86F8-48D58DA861A6}"
EndProject
Global
	GlobalSection(SolutionConfigurationPlatforms) = preSolution
		Debug|Any CPU = Debug|Any CPU
		Release|Any CPU = Release|Any CPU
	EndGlobalSection
	GlobalSection(ProjectConfigurationPlatforms) = postSolution
		{aaca1640-8e9a-48ba-9460-4ee3713fb856}.Debug|Any CPU.ActiveCfg = Debug|Any CPU
		{aaca1640-8e9a-48ba-9460-4ee3713fb856}.Debug|Any CPU.Build.0 = Debug|Any CPU
		{aaca1640-8e9a-48ba-9460-4ee3713fb856}.Release|Any CPU.ActiveCfg = Release|Any CPU
		{aaca1640-8e9a-48ba-9460-4ee3713fb856}.Release|Any CPU.Build.0 = Release|Any CPU
		{449c3527-a5ef-44a6-b180-9c1d333bb595}.Debug|Any CPU.ActiveCfg = Debug|Any CPU
		{449c3527-a5ef-44a6-b180-9c1d333bb595}.Debug|Any CPU.Build.0 = Debug|Any CPU
		{449c3527-a5ef-44a6-b180-9c1d333bb595}.Release|Any CPU.ActiveCfg = Release|Any CPU
		{449c3527-a5ef-44a6-b180-9c1d333bb595}.Release|Any CPU.Build.0 = Release|Any CPU
		{917af903-d0ed-4710-84e8-801cce02f34f}.Debug|Any CPU.ActiveCfg = Debug|Any CPU
		{917af903-d0ed-4710-84e8-801cce02f34f}.Debug|Any CPU.Build.0 = Debug|Any CPU
		{917af903-d0ed-4710-84e8-801cce02f34f}.Release|Any CPU.ActiveCfg = Release|Any CPU
		{917af903-d0ed-4710-84e8-801cce02f34f}.Release|Any CPU.Build.0 = Release|Any CPU
		{9ffded70-9998-4af1-bf38-dcd49006f185}.Debug|Any CPU.ActiveCfg = Debug|Any CPU
		{9ffded70-9998-4af1-bf38-dcd49006f185}.Debug|Any CPU.Build.0 = Debug|Any CPU
		{9ffded70-9998-4af1-bf38-dcd49006f185}.Release|Any CPU.ActiveCfg = Release|Any CPU
		{9ffded70-9998-4af1-bf38-dcd49006f185}.Release|Any CPU.Build.0 = Release|Any CPU
		{4b7fa256-3738-4933-8064-2080ca595627}.Debug|Any CPU.ActiveCfg = Debug|Any CPU
		{4b7fa256-3738-4933-8064-2080ca595627}.Debug|Any CPU.Build.0 = Debug|Any CPU
		{4b7fa256-3738-4933-8064-2080ca595627}.Release|Any CPU.ActiveCfg = Release|Any CPU
		{4b7fa256-3738-4933-8064-2080ca595627}.Release|Any CPU.Build.0 = Release|Any CPU
		{4393c2e5-b3ea-4fe9-b9be-a1178d61ba95}.Debug|Any CPU.ActiveCfg = Debug|Any CPU
		{4393c2e5-b3ea-4fe9-b9be-a1178d61ba95}.Debug|Any CPU.Build.0 = Debug|Any CPU
		{4393c2e5-b3ea-4fe9-b9be-a1178d61ba95}.Release|Any CPU.ActiveCfg = Release|Any CPU
		{4393c2e5-b3ea-4fe9-b9be-a1178d61ba95}.Release|Any CPU.Build.0 = Release|Any CPU
		{2e06aa34-7f99-4fdf-87a0-08e2ac8b43fa}.Debug|Any CPU.ActiveCfg = Debug|Any CPU
		{2e06aa34-7f99-4fdf-87a0-08e2ac8b43fa}.Debug|Any CPU.Build.0 = Debug|Any CPU
		{2e06aa34-7f99-4fdf-87a0-08e2ac8b43fa}.Release|Any CPU.ActiveCfg = Release|Any CPU
		{2e06aa34-7f99-4fdf-87a0-08e2ac8b43fa}.Release|Any CPU.Build.0 = Release|Any CPU
		{22c413fe-6baa-4a99-b905-7b25e8ef7e1d}.Debug|Any CPU.ActiveCfg = Debug|Any CPU
		{22c413fe-6baa-4a99-b905-7b25e8ef7e1d}.Debug|Any CPU.Build.0 = Debug|Any CPU
		{22c413fe-6baa-4a99-b905-7b25e8ef7e1d}.Release|Any CPU.ActiveCfg = Release|Any CPU
		{22c413fe-6baa-4a99-b905-7b25e8ef7e1d}.Release|Any CPU.Build.0 = Release|Any CPU
		{3f046bd1-79c9-4d80-bd8b-142ac289c3eb}.Debug|Any CPU.ActiveCfg = Debug|Any CPU
		{3f046bd1-79c9-4d80-bd8b-142ac289c3eb}.Debug|Any CPU.Build.0 = Debug|Any CPU
		{3f046bd1-79c9-4d80-bd8b-142ac289c3eb}.Release|Any CPU.ActiveCfg = Release|Any CPU
		{3f046bd1-79c9-4d80-bd8b-142ac289c3eb}.Release|Any CPU.Build.0 = Release|Any CPU
		{f226f954-04d3-4427-a148-152e38fa2abe}.Debug|Any CPU.ActiveCfg = Debug|Any CPU
		{f226f954-04d3-4427-a148-152e38fa2abe}.Debug|Any CPU.Build.0 = Debug|Any CPU
		{f226f954-04d3-4427-a148-152e38fa2abe}.Release|Any CPU.ActiveCfg = Release|Any CPU
		{f226f954-04d3-4427-a148-152e38fa2abe}.Release|Any CPU.Build.0 = Release|Any CPU
		{addc2c79-590a-4a45-ba4f-0e830f2c0d91}.Debug|Any CPU.ActiveCfg = Debug|Any CPU
		{addc2c79-590a-4a45-ba4f-0e830f2c0d91}.Debug|Any CPU.Build.0 = Debug|Any CPU
		{addc2c79-590a-4a45-ba4f-0e830f2c0d91}.Release|Any CPU.ActiveCfg = Release|Any CPU
		{addc2c79-590a-4a45-ba4f-0e830f2c0d91}.Release|Any CPU.Build.0 = Release|Any CPU
		{e0786b9b-da3f-496f-9606-7e1d48766ced}.Debug|Any CPU.ActiveCfg = Debug|Any CPU
		{e0786b9b-da3f-496f-9606-7e1d48766ced}.Debug|Any CPU.Build.0 = Debug|Any CPU
		{e0786b9b-da3f-496f-9606-7e1d48766ced}.Release|Any CPU.ActiveCfg = Release|Any CPU
		{e0786b9b-da3f-496f-9606-7e1d48766ced}.Release|Any CPU.Build.0 = Release|Any CPU
		{bd1ec3cc-9cce-49a8-b5bb-7493452d09bb}.Debug|Any CPU.ActiveCfg = Debug|Any CPU
		{bd1ec3cc-9cce-49a8-b5bb-7493452d09bb}.Debug|Any CPU.Build.0 = Debug|Any CPU
		{bd1ec3cc-9cce-49a8-b5bb-7493452d09bb}.Release|Any CPU.ActiveCfg = Release|Any CPU
		{bd1ec3cc-9cce-49a8-b5bb-7493452d09bb}.Release|Any CPU.Build.0 = Release|Any CPU
		{07fd7b3d-a5c5-4aeb-86a3-9536d94ff861}.Debug|Any CPU.ActiveCfg = Debug|Any CPU
		{07fd7b3d-a5c5-4aeb-86a3-9536d94ff861}.Debug|Any CPU.Build.0 = Debug|Any CPU
		{07fd7b3d-a5c5-4aeb-86a3-9536d94ff861}.Release|Any CPU.ActiveCfg = Release|Any CPU
		{07fd7b3d-a5c5-4aeb-86a3-9536d94ff861}.Release|Any CPU.Build.0 = Release|Any CPU
		{554AD327-6DBA-4F8F-96F8-81CE7A0C863F}.Debug|Any CPU.ActiveCfg = Debug|Any CPU
		{554AD327-6DBA-4F8F-96F8-81CE7A0C863F}.Debug|Any CPU.Build.0 = Debug|Any CPU
		{554AD327-6DBA-4F8F-96F8-81CE7A0C863F}.Release|Any CPU.ActiveCfg = Release|Any CPU
		{554AD327-6DBA-4F8F-96F8-81CE7A0C863F}.Release|Any CPU.Build.0 = Release|Any CPU
		{1A94A50E-06DC-43C1-80B5-B662820EC3EB}.Debug|Any CPU.ActiveCfg = Debug|Any CPU
		{1A94A50E-06DC-43C1-80B5-B662820EC3EB}.Debug|Any CPU.Build.0 = Debug|Any CPU
		{1A94A50E-06DC-43C1-80B5-B662820EC3EB}.Release|Any CPU.ActiveCfg = Release|Any CPU
		{1A94A50E-06DC-43C1-80B5-B662820EC3EB}.Release|Any CPU.Build.0 = Release|Any CPU
		{C956DD76-69C8-4A9C-83EA-D17DF83340FD}.Debug|Any CPU.ActiveCfg = Debug|Any CPU
		{C956DD76-69C8-4A9C-83EA-D17DF83340FD}.Debug|Any CPU.Build.0 = Debug|Any CPU
		{C956DD76-69C8-4A9C-83EA-D17DF83340FD}.Release|Any CPU.ActiveCfg = Release|Any CPU
		{C956DD76-69C8-4A9C-83EA-D17DF83340FD}.Release|Any CPU.Build.0 = Release|Any CPU
		{068855E8-9240-4F1A-910B-CF825794513B}.Debug|Any CPU.ActiveCfg = Debug|Any CPU
		{068855E8-9240-4F1A-910B-CF825794513B}.Debug|Any CPU.Build.0 = Debug|Any CPU
		{068855E8-9240-4F1A-910B-CF825794513B}.Release|Any CPU.ActiveCfg = Release|Any CPU
		{068855E8-9240-4F1A-910B-CF825794513B}.Release|Any CPU.Build.0 = Release|Any CPU
		{50B2631D-129C-47B3-A587-029CCD6099BC}.Debug|Any CPU.ActiveCfg = Debug|Any CPU
		{50B2631D-129C-47B3-A587-029CCD6099BC}.Debug|Any CPU.Build.0 = Debug|Any CPU
		{50B2631D-129C-47B3-A587-029CCD6099BC}.Release|Any CPU.ActiveCfg = Release|Any CPU
		{50B2631D-129C-47B3-A587-029CCD6099BC}.Release|Any CPU.Build.0 = Release|Any CPU
		{5F1B28C6-8D0C-4155-92D0-252F7EA5F674}.Debug|Any CPU.ActiveCfg = Debug|Any CPU
		{5F1B28C6-8D0C-4155-92D0-252F7EA5F674}.Debug|Any CPU.Build.0 = Debug|Any CPU
		{5F1B28C6-8D0C-4155-92D0-252F7EA5F674}.Release|Any CPU.ActiveCfg = Release|Any CPU
		{5F1B28C6-8D0C-4155-92D0-252F7EA5F674}.Release|Any CPU.Build.0 = Release|Any CPU
		{42F719ED-8413-4895-B5B4-5AB56079BC66}.Debug|Any CPU.ActiveCfg = Debug|Any CPU
		{42F719ED-8413-4895-B5B4-5AB56079BC66}.Debug|Any CPU.Build.0 = Debug|Any CPU
		{42F719ED-8413-4895-B5B4-5AB56079BC66}.Release|Any CPU.ActiveCfg = Release|Any CPU
		{42F719ED-8413-4895-B5B4-5AB56079BC66}.Release|Any CPU.Build.0 = Release|Any CPU
		{520659C8-C734-4298-A3DA-B539DB9DFC0B}.Debug|Any CPU.ActiveCfg = Debug|Any CPU
		{520659C8-C734-4298-A3DA-B539DB9DFC0B}.Debug|Any CPU.Build.0 = Debug|Any CPU
		{520659C8-C734-4298-A3DA-B539DB9DFC0B}.Release|Any CPU.ActiveCfg = Release|Any CPU
		{520659C8-C734-4298-A3DA-B539DB9DFC0B}.Release|Any CPU.Build.0 = Release|Any CPU
		{4164BDF7-F527-4E85-9CE6-E3C2D7426A27}.Debug|Any CPU.ActiveCfg = Debug|Any CPU
		{4164BDF7-F527-4E85-9CE6-E3C2D7426A27}.Debug|Any CPU.Build.0 = Debug|Any CPU
		{4164BDF7-F527-4E85-9CE6-E3C2D7426A27}.Release|Any CPU.ActiveCfg = Release|Any CPU
		{4164BDF7-F527-4E85-9CE6-E3C2D7426A27}.Release|Any CPU.Build.0 = Release|Any CPU
		{3B5A0094-670D-4BB1-BFDD-61B88A8773DC}.Debug|Any CPU.ActiveCfg = Debug|Any CPU
		{3B5A0094-670D-4BB1-BFDD-61B88A8773DC}.Debug|Any CPU.Build.0 = Debug|Any CPU
		{3B5A0094-670D-4BB1-BFDD-61B88A8773DC}.Release|Any CPU.ActiveCfg = Release|Any CPU
		{3B5A0094-670D-4BB1-BFDD-61B88A8773DC}.Release|Any CPU.Build.0 = Release|Any CPU
		{1FE30EB9-74A9-47F5-A9F6-7B1FAB672D81}.Debug|Any CPU.ActiveCfg = Debug|Any CPU
		{1FE30EB9-74A9-47F5-A9F6-7B1FAB672D81}.Debug|Any CPU.Build.0 = Debug|Any CPU
		{1FE30EB9-74A9-47F5-A9F6-7B1FAB672D81}.Release|Any CPU.ActiveCfg = Release|Any CPU
		{1FE30EB9-74A9-47F5-A9F6-7B1FAB672D81}.Release|Any CPU.Build.0 = Release|Any CPU
		{91853F21-9CD9-4132-BC29-A7D5D84FFFE7}.Debug|Any CPU.ActiveCfg = Debug|Any CPU
		{91853F21-9CD9-4132-BC29-A7D5D84FFFE7}.Debug|Any CPU.Build.0 = Debug|Any CPU
		{91853F21-9CD9-4132-BC29-A7D5D84FFFE7}.Release|Any CPU.ActiveCfg = Release|Any CPU
		{91853F21-9CD9-4132-BC29-A7D5D84FFFE7}.Release|Any CPU.Build.0 = Release|Any CPU
		{E512F4D9-9375-480F-A2F6-A46509F9D824}.Debug|Any CPU.ActiveCfg = Debug|Any CPU
		{E512F4D9-9375-480F-A2F6-A46509F9D824}.Debug|Any CPU.Build.0 = Debug|Any CPU
		{E512F4D9-9375-480F-A2F6-A46509F9D824}.Release|Any CPU.ActiveCfg = Release|Any CPU
		{E512F4D9-9375-480F-A2F6-A46509F9D824}.Release|Any CPU.Build.0 = Release|Any CPU
		{AA94D832-1CCC-4715-95A9-A483F23A1A5D}.Debug|Any CPU.ActiveCfg = Debug|Any CPU
		{AA94D832-1CCC-4715-95A9-A483F23A1A5D}.Debug|Any CPU.Build.0 = Debug|Any CPU
		{AA94D832-1CCC-4715-95A9-A483F23A1A5D}.Release|Any CPU.ActiveCfg = Release|Any CPU
		{AA94D832-1CCC-4715-95A9-A483F23A1A5D}.Release|Any CPU.Build.0 = Release|Any CPU
		{33ED9030-5498-4DFF-B938-62793F1BE0B2}.Debug|Any CPU.ActiveCfg = Debug|Any CPU
		{33ED9030-5498-4DFF-B938-62793F1BE0B2}.Debug|Any CPU.Build.0 = Debug|Any CPU
		{33ED9030-5498-4DFF-B938-62793F1BE0B2}.Release|Any CPU.ActiveCfg = Release|Any CPU
		{33ED9030-5498-4DFF-B938-62793F1BE0B2}.Release|Any CPU.Build.0 = Release|Any CPU
		{210951F1-2104-4B12-BB6E-2DB7625B0864}.Debug|Any CPU.ActiveCfg = Debug|Any CPU
		{210951F1-2104-4B12-BB6E-2DB7625B0864}.Debug|Any CPU.Build.0 = Debug|Any CPU
		{210951F1-2104-4B12-BB6E-2DB7625B0864}.Release|Any CPU.ActiveCfg = Release|Any CPU
		{210951F1-2104-4B12-BB6E-2DB7625B0864}.Release|Any CPU.Build.0 = Release|Any CPU
		{AED84E39-61B5-44CE-BBE9-D9E33A1A6585}.Debug|Any CPU.ActiveCfg = Debug|Any CPU
		{AED84E39-61B5-44CE-BBE9-D9E33A1A6585}.Debug|Any CPU.Build.0 = Debug|Any CPU
		{AED84E39-61B5-44CE-BBE9-D9E33A1A6585}.Release|Any CPU.ActiveCfg = Release|Any CPU
		{AED84E39-61B5-44CE-BBE9-D9E33A1A6585}.Release|Any CPU.Build.0 = Release|Any CPU
		{DFA7DD09-BBF2-45A0-96B2-E73400D6E5AD}.Debug|Any CPU.ActiveCfg = Debug|Any CPU
		{DFA7DD09-BBF2-45A0-96B2-E73400D6E5AD}.Debug|Any CPU.Build.0 = Debug|Any CPU
		{DFA7DD09-BBF2-45A0-96B2-E73400D6E5AD}.Release|Any CPU.ActiveCfg = Release|Any CPU
		{DFA7DD09-BBF2-45A0-96B2-E73400D6E5AD}.Release|Any CPU.Build.0 = Release|Any CPU
		{968004D8-3F03-4319-9923-2B2743E8953F}.Debug|Any CPU.ActiveCfg = Debug|Any CPU
		{968004D8-3F03-4319-9923-2B2743E8953F}.Debug|Any CPU.Build.0 = Debug|Any CPU
		{968004D8-3F03-4319-9923-2B2743E8953F}.Release|Any CPU.ActiveCfg = Release|Any CPU
		{968004D8-3F03-4319-9923-2B2743E8953F}.Release|Any CPU.Build.0 = Release|Any CPU
		{73A2E7ED-B537-44F8-9FF2-D0D6AE32D52E}.Debug|Any CPU.ActiveCfg = Debug|Any CPU
		{73A2E7ED-B537-44F8-9FF2-D0D6AE32D52E}.Debug|Any CPU.Build.0 = Debug|Any CPU
		{73A2E7ED-B537-44F8-9FF2-D0D6AE32D52E}.Release|Any CPU.ActiveCfg = Release|Any CPU
		{73A2E7ED-B537-44F8-9FF2-D0D6AE32D52E}.Release|Any CPU.Build.0 = Release|Any CPU
		{83E01FA2-38B7-41D3-88B9-A5D9DAD777CC}.Debug|Any CPU.ActiveCfg = Debug|Any CPU
		{83E01FA2-38B7-41D3-88B9-A5D9DAD777CC}.Debug|Any CPU.Build.0 = Debug|Any CPU
		{83E01FA2-38B7-41D3-88B9-A5D9DAD777CC}.Release|Any CPU.ActiveCfg = Release|Any CPU
		{83E01FA2-38B7-41D3-88B9-A5D9DAD777CC}.Release|Any CPU.Build.0 = Release|Any CPU
		{25F9B05F-3CF7-491C-BECC-36DAA0BB948A}.Debug|Any CPU.ActiveCfg = Debug|Any CPU
		{25F9B05F-3CF7-491C-BECC-36DAA0BB948A}.Debug|Any CPU.Build.0 = Debug|Any CPU
		{25F9B05F-3CF7-491C-BECC-36DAA0BB948A}.Release|Any CPU.ActiveCfg = Release|Any CPU
		{25F9B05F-3CF7-491C-BECC-36DAA0BB948A}.Release|Any CPU.Build.0 = Release|Any CPU
		{30F22E60-5ACD-46D5-A6F9-A8CD3882A0D4}.Debug|Any CPU.ActiveCfg = Debug|Any CPU
		{30F22E60-5ACD-46D5-A6F9-A8CD3882A0D4}.Debug|Any CPU.Build.0 = Debug|Any CPU
		{30F22E60-5ACD-46D5-A6F9-A8CD3882A0D4}.Release|Any CPU.ActiveCfg = Release|Any CPU
		{30F22E60-5ACD-46D5-A6F9-A8CD3882A0D4}.Release|Any CPU.Build.0 = Release|Any CPU
		{280DDACE-FBFF-4B52-8C8F-FDDBE12C05A5}.Debug|Any CPU.ActiveCfg = Debug|Any CPU
		{280DDACE-FBFF-4B52-8C8F-FDDBE12C05A5}.Debug|Any CPU.Build.0 = Debug|Any CPU
		{280DDACE-FBFF-4B52-8C8F-FDDBE12C05A5}.Release|Any CPU.ActiveCfg = Release|Any CPU
		{280DDACE-FBFF-4B52-8C8F-FDDBE12C05A5}.Release|Any CPU.Build.0 = Release|Any CPU
		{D36D1B15-2769-48EE-837C-D38287E2C1AA}.Debug|Any CPU.ActiveCfg = Debug|Any CPU
		{D36D1B15-2769-48EE-837C-D38287E2C1AA}.Debug|Any CPU.Build.0 = Debug|Any CPU
		{D36D1B15-2769-48EE-837C-D38287E2C1AA}.Release|Any CPU.ActiveCfg = Release|Any CPU
		{D36D1B15-2769-48EE-837C-D38287E2C1AA}.Release|Any CPU.Build.0 = Release|Any CPU
		{63692EBE-6C14-4E7A-86F8-48D58DA861A6}.Debug|Any CPU.ActiveCfg = Debug|Any CPU
		{63692EBE-6C14-4E7A-86F8-48D58DA861A6}.Debug|Any CPU.Build.0 = Debug|Any CPU
		{63692EBE-6C14-4E7A-86F8-48D58DA861A6}.Release|Any CPU.ActiveCfg = Release|Any CPU
		{63692EBE-6C14-4E7A-86F8-48D58DA861A6}.Release|Any CPU.Build.0 = Release|Any CPU
	EndGlobalSection
	GlobalSection(SolutionProperties) = preSolution
		HideSolutionNode = FALSE
	EndGlobalSection
	GlobalSection(NestedProjects) = preSolution
		{aaca1640-8e9a-48ba-9460-4ee3713fb856} = {dcd8f5b7-b381-4c10-ab86-efe884cebadb}
		{449c3527-a5ef-44a6-b180-9c1d333bb595} = {dcd8f5b7-b381-4c10-ab86-efe884cebadb}
		{917af903-d0ed-4710-84e8-801cce02f34f} = {dcd8f5b7-b381-4c10-ab86-efe884cebadb}
		{9ffded70-9998-4af1-bf38-dcd49006f185} = {dcd8f5b7-b381-4c10-ab86-efe884cebadb}
		{4b7fa256-3738-4933-8064-2080ca595627} = {dcd8f5b7-b381-4c10-ab86-efe884cebadb}
		{4393c2e5-b3ea-4fe9-b9be-a1178d61ba95} = {dc64fa90-4e98-442f-bba9-116940a928cf}
		{2e06aa34-7f99-4fdf-87a0-08e2ac8b43fa} = {dc64fa90-4e98-442f-bba9-116940a928cf}
		{22c413fe-6baa-4a99-b905-7b25e8ef7e1d} = {dc64fa90-4e98-442f-bba9-116940a928cf}
		{3f046bd1-79c9-4d80-bd8b-142ac289c3eb} = {dc64fa90-4e98-442f-bba9-116940a928cf}
		{f226f954-04d3-4427-a148-152e38fa2abe} = {dc64fa90-4e98-442f-bba9-116940a928cf}
		{addc2c79-590a-4a45-ba4f-0e830f2c0d91} = {dc64fa90-4e98-442f-bba9-116940a928cf}
		{e0786b9b-da3f-496f-9606-7e1d48766ced} = {dc64fa90-4e98-442f-bba9-116940a928cf}
		{bd1ec3cc-9cce-49a8-b5bb-7493452d09bb} = {dc64fa90-4e98-442f-bba9-116940a928cf}
		{07fd7b3d-a5c5-4aeb-86a3-9536d94ff861} = {dc64fa90-4e98-442f-bba9-116940a928cf}
		{dcd8f5b7-b381-4c10-ab86-efe884cebadb} = {04DBDB01-70F4-4E06-B468-8F87850B22BE}
		{dc64fa90-4e98-442f-bba9-116940a928cf} = {00099710-CF66-4BD2-932C-5B7534B78185}
		{554AD327-6DBA-4F8F-96F8-81CE7A0C863F} = {CA9AC87F-097E-4F15-8393-4BC07735A5B0}
		{F842C2BC-69B0-4F40-9774-6CA4EDE26A12} = {00099710-CF66-4BD2-932C-5B7534B78185}
		{1A94A50E-06DC-43C1-80B5-B662820EC3EB} = {CA9AC87F-097E-4F15-8393-4BC07735A5B0}
		{C956DD76-69C8-4A9C-83EA-D17DF83340FD} = {CA9AC87F-097E-4F15-8393-4BC07735A5B0}
		{068855E8-9240-4F1A-910B-CF825794513B} = {CA9AC87F-097E-4F15-8393-4BC07735A5B0}
		{50B2631D-129C-47B3-A587-029CCD6099BC} = {04DBDB01-70F4-4E06-B468-8F87850B22BE}
		{5F1B28C6-8D0C-4155-92D0-252F7EA5F674} = {04DBDB01-70F4-4E06-B468-8F87850B22BE}
		{42F719ED-8413-4895-B5B4-5AB56079BC66} = {CA9AC87F-097E-4F15-8393-4BC07735A5B0}
		{520659C8-C734-4298-A3DA-B539DB9DFC0B} = {CA9AC87F-097E-4F15-8393-4BC07735A5B0}
		{4164BDF7-F527-4E85-9CE6-E3C2D7426A27} = {CA9AC87F-097E-4F15-8393-4BC07735A5B0}
		{3B5A0094-670D-4BB1-BFDD-61B88A8773DC} = {CA9AC87F-097E-4F15-8393-4BC07735A5B0}
		{1FE30EB9-74A9-47F5-A9F6-7B1FAB672D81} = {04DBDB01-70F4-4E06-B468-8F87850B22BE}
		{91853F21-9CD9-4132-BC29-A7D5D84FFFE7} = {04DBDB01-70F4-4E06-B468-8F87850B22BE}
		{E512F4D9-9375-480F-A2F6-A46509F9D824} = {04DBDB01-70F4-4E06-B468-8F87850B22BE}
		{AA94D832-1CCC-4715-95A9-A483F23A1A5D} = {CA9AC87F-097E-4F15-8393-4BC07735A5B0}
		{33ED9030-5498-4DFF-B938-62793F1BE0B2} = {F842C2BC-69B0-4F40-9774-6CA4EDE26A12}
		{210951F1-2104-4B12-BB6E-2DB7625B0864} = {F842C2BC-69B0-4F40-9774-6CA4EDE26A12}
		{F0333A40-3831-4AD2-A09A-42D35AC4F461} = {00099710-CF66-4BD2-932C-5B7534B78185}
		{AED84E39-61B5-44CE-BBE9-D9E33A1A6585} = {F0333A40-3831-4AD2-A09A-42D35AC4F461}
		{DFA7DD09-BBF2-45A0-96B2-E73400D6E5AD} = {F0333A40-3831-4AD2-A09A-42D35AC4F461}
		{4D277ADA-5CCF-4ED6-9841-EF1B46C53560} = {00099710-CF66-4BD2-932C-5B7534B78185}
		{0CD59C19-8A24-41C6-B2BE-6C24C6CBF22E} = {4D277ADA-5CCF-4ED6-9841-EF1B46C53560}
		{7C455D56-4BE2-40D2-972B-8B1343F64971} = {4D277ADA-5CCF-4ED6-9841-EF1B46C53560}
		{968004D8-3F03-4319-9923-2B2743E8953F} = {0CD59C19-8A24-41C6-B2BE-6C24C6CBF22E}
		{73A2E7ED-B537-44F8-9FF2-D0D6AE32D52E} = {0CD59C19-8A24-41C6-B2BE-6C24C6CBF22E}
		{83E01FA2-38B7-41D3-88B9-A5D9DAD777CC} = {0CD59C19-8A24-41C6-B2BE-6C24C6CBF22E}
		{25F9B05F-3CF7-491C-BECC-36DAA0BB948A} = {7C455D56-4BE2-40D2-972B-8B1343F64971}
		{30F22E60-5ACD-46D5-A6F9-A8CD3882A0D4} = {7C455D56-4BE2-40D2-972B-8B1343F64971}
		{280DDACE-FBFF-4B52-8C8F-FDDBE12C05A5} = {7C455D56-4BE2-40D2-972B-8B1343F64971}
		{D36D1B15-2769-48EE-837C-D38287E2C1AA} = {0CD59C19-8A24-41C6-B2BE-6C24C6CBF22E}
		{63692EBE-6C14-4E7A-86F8-48D58DA861A6} = {0CD59C19-8A24-41C6-B2BE-6C24C6CBF22E}
	EndGlobalSection
	GlobalSection(ExtensibilityGlobals) = postSolution
		SolutionGuid = {28315BFD-90E7-4E14-A2EA-F3D23AF4126F}
	EndGlobalSection
EndGlobal
