
Microsoft Visual Studio Solution File, Format Version 12.00
# Visual Studio Version 17
VisualStudioVersion = 17.6.33801.468
MinimumVisualStudioVersion = 10.0.40219.1
Project("{9A19103F-16F7-4668-BE54-9A1E7A4F7556}") = "Unity.GrantManager.Domain", "src\Unity.GrantManager.Domain\Unity.GrantManager.Domain.csproj", "{554AD327-6DBA-4F8F-96F8-81CE7A0C863F}"
EndProject
Project("{9A19103F-16F7-4668-BE54-9A1E7A4F7556}") = "Unity.Reporting.TestBase", "modules\Unity.Reporting\test\Unity.Reporting.TestBase\Unity.Reporting.TestBase.csproj", "{ADB3F0D9-8135-4570-B36D-D303E388B016}"
EndProject
Project("{9A19103F-16F7-4668-BE54-9A1E7A4F7556}") = "Unity.Reporting.Application.Tests", "modules\Unity.Reporting\test\Unity.Reporting.Application.Tests\Unity.Reporting.Application.Tests.csproj", "{8FF049A3-60E5-4BB3-93B6-07E23BD6104C}"
EndProject
Project("{9A19103F-16F7-4668-BE54-9A1E7A4F7556}") = "Unity.Reporting.Shared", "modules\Unity.Reporting\src\Unity.Reporting.Domain.Shared\Unity.Reporting.Shared.csproj", "{CF33FCEB-F653-41CA-A85E-E95735245D20}"
EndProject
Project("{9A19103F-16F7-4668-BE54-9A1E7A4F7556}") = "Unity.Reporting.Application.Contracts", "modules\Unity.Reporting\src\Unity.Reporting.Application.Contracts\Unity.Reporting.Application.Contracts.csproj", "{3E080BCC-D8EE-4BA9-9CBD-421509A95240}"
EndProject
Project("{9A19103F-16F7-4668-BE54-9A1E7A4F7556}") = "Unity.Reporting.Application", "modules\Unity.Reporting\src\Unity.Reporting.Application\Unity.Reporting.Application.csproj", "{66B73164-12BD-4177-80A4-5651D99722B3}"
EndProject
Project("{2150E333-8FDC-42A3-9474-1A3956D46DE8}") = "Unity.Reporting.Tests", "Unity.Reporting.Tests", "{2FED9D1B-46F2-45F2-985B-9DCB75846D93}"
EndProject
Project("{2150E333-8FDC-42A3-9474-1A3956D46DE8}") = "Unity.Reporting", "Unity.Reporting", "{FF8024E0-68D2-4716-8812-E6D16730F4CC}"
EndProject
Project("{9A19103F-16F7-4668-BE54-9A1E7A4F7556}") = "Unity.Notifications.TestBase", "modules\Unity.Notifications\test\Unity.Notifications.TestBase\Unity.Notifications.TestBase.csproj", "{7A50AA1C-2555-4684-97BE-2E00548695C8}"
EndProject
Project("{9A19103F-16F7-4668-BE54-9A1E7A4F7556}") = "Unity.Payments.TestBase", "modules\Unity.Payments\test\Unity.Payments.TestBase\Unity.Payments.TestBase.csproj", "{AACA1640-8E9A-48BA-9460-4EE3713FB856}"
EndProject
Project("{9A19103F-16F7-4668-BE54-9A1E7A4F7556}") = "Unity.Notifications.EntityFrameworkCore.Tests", "modules\Unity.Notifications\test\Unity.Notifications.EntityFrameworkCore.Tests\Unity.Notifications.EntityFrameworkCore.Tests.csproj", "{706F747A-D139-4C1E-9320-1C9492FF2330}"
EndProject
Project("{9A19103F-16F7-4668-BE54-9A1E7A4F7556}") = "Unity.Notifications.Domain.Tests", "modules\Unity.Notifications\test\Unity.Notifications.Domain.Tests\Unity.Notifications.Domain.Tests.csproj", "{4EDF992C-4030-45E1-BECC-C4704D8E99DB}"
EndProject
Project("{9A19103F-16F7-4668-BE54-9A1E7A4F7556}") = "Unity.Notifications.Application.Tests", "modules\Unity.Notifications\test\Unity.Notifications.Application.Tests\Unity.Notifications.Application.Tests.csproj", "{CFB040B4-CE92-444F-B172-A1742019C3FD}"
EndProject
Project("{9A19103F-16F7-4668-BE54-9A1E7A4F7556}") = "Unity.Payments.Application.Tests", "modules\Unity.Payments\test\Unity.Payments.Application.Tests\Unity.Payments.Application.Tests.csproj", "{4B7FA256-3738-4933-8064-2080CA595627}"
EndProject
Project("{9A19103F-16F7-4668-BE54-9A1E7A4F7556}") = "Unity.Notifications.Web", "modules\Unity.Notifications\src\Unity.Notifications.Web\Unity.Notifications.Web.csproj", "{0BB98B41-8E7A-405D-BC5C-DB66F020A227}"
EndProject
Project("{9A19103F-16F7-4668-BE54-9A1E7A4F7556}") = "Unity.Payments.Web", "modules\Unity.Payments\src\Unity.Payments.Web\Unity.Payments.Web.csproj", "{4393C2E5-B3EA-4FE9-B9BE-A1178D61BA95}"
EndProject
Project("{9A19103F-16F7-4668-BE54-9A1E7A4F7556}") = "Unity.Notifications.Installer", "modules\Unity.Notifications\src\Unity.Notifications.Installer\Unity.Notifications.Installer.csproj", "{172A1F64-213A-4162-A9C5-84757B89DA2B}"
EndProject
Project("{9A19103F-16F7-4668-BE54-9A1E7A4F7556}") = "Unity.Notifications.HttpApi.Client", "modules\Unity.Notifications\src\Unity.Notifications.HttpApi.Client\Unity.Notifications.HttpApi.Client.csproj", "{BBB43BD7-7136-40ED-84A5-992BC1BE17F2}"
EndProject
Project("{9A19103F-16F7-4668-BE54-9A1E7A4F7556}") = "Unity.Notifications.HttpApi", "modules\Unity.Notifications\src\Unity.Notifications.HttpApi\Unity.Notifications.HttpApi.csproj", "{EEEEA9FE-F94F-4D5A-81F3-F9F4A07466B1}"
EndProject
Project("{9A19103F-16F7-4668-BE54-9A1E7A4F7556}") = "Unity.Notifications.EntityFrameworkCore", "modules\Unity.Notifications\src\Unity.Notifications.EntityFrameworkCore\Unity.Notifications.EntityFrameworkCore.csproj", "{D56A986D-F187-4799-8876-801089465B26}"
EndProject
Project("{9A19103F-16F7-4668-BE54-9A1E7A4F7556}") = "Unity.Notifications.Domain.Shared", "modules\Unity.Notifications\src\Unity.Notifications.Domain.Shared\Unity.Notifications.Domain.Shared.csproj", "{920A2A54-CA90-4CA3-BCC8-F842477A0F85}"
EndProject
Project("{9A19103F-16F7-4668-BE54-9A1E7A4F7556}") = "Unity.Notifications.Domain", "modules\Unity.Notifications\src\Unity.Notifications.Domain\Unity.Notifications.Domain.csproj", "{01039C5F-B7DD-444A-9DA3-64BEE090D58D}"
EndProject
Project("{9A19103F-16F7-4668-BE54-9A1E7A4F7556}") = "Unity.Notifications.Application.Contracts", "modules\Unity.Notifications\src\Unity.Notifications.Application.Contracts\Unity.Notifications.Application.Contracts.csproj", "{413E45FB-9047-43C6-A286-0EA4A90E29EB}"
EndProject
Project("{9A19103F-16F7-4668-BE54-9A1E7A4F7556}") = "Unity.Payments.Application.Contracts", "modules\Unity.Payments\src\Unity.Payments.Application.Contracts\Unity.Payments.Application.Contracts.csproj", "{BD1EC3CC-9CCE-49A8-B5BB-7493452D09BB}"
EndProject
Project("{9A19103F-16F7-4668-BE54-9A1E7A4F7556}") = "Unity.Notifications.Application", "modules\Unity.Notifications\src\Unity.Notifications.Application\Unity.Notifications.Application.csproj", "{9102F274-D893-4213-A0F0-EEECA068CB68}"
EndProject
Project("{9A19103F-16F7-4668-BE54-9A1E7A4F7556}") = "Unity.Payments.Application", "modules\Unity.Payments\src\Unity.Payments.Application\Unity.Payments.Application.csproj", "{07FD7B3D-A5C5-4AEB-86A3-9536D94FF861}"
EndProject
Project("{2150E333-8FDC-42A3-9474-1A3956D46DE8}") = "Unity.Notifications.Tests", "Unity.Notifications.Tests", "{15294EFE-992E-4CCF-9945-7327AB2EDADD}"
EndProject
Project("{2150E333-8FDC-42A3-9474-1A3956D46DE8}") = "Unity.Payments.Tests", "Unity.Payments.Tests", "{DCD8F5B7-B381-4C10-AB86-EFE884CEBADB}"
EndProject
Project("{2150E333-8FDC-42A3-9474-1A3956D46DE8}") = "Unity.Notifications", "Unity.Notifications", "{99D0E4A1-57DA-40BC-8E01-D2DE04531847}"
EndProject
Project("{2150E333-8FDC-42A3-9474-1A3956D46DE8}") = "Unity.Payments", "Unity.Payments", "{DC64FA90-4E98-442F-BBA9-116940A928CF}"
EndProject
Project("{2150E333-8FDC-42A3-9474-1A3956D46DE8}") = "modules", "modules", "{00099710-CF66-4BD2-932C-5B7534B78185}"
EndProject
Project("{9A19103F-16F7-4668-BE54-9A1E7A4F7556}") = "Unity.GrantManager.Application", "src\Unity.GrantManager.Application\Unity.GrantManager.Application.csproj", "{1A94A50E-06DC-43C1-80B5-B662820EC3EB}"
EndProject
Project("{9A19103F-16F7-4668-BE54-9A1E7A4F7556}") = "Unity.GrantManager.EntityFrameworkCore", "src\Unity.GrantManager.EntityFrameworkCore\Unity.GrantManager.EntityFrameworkCore.csproj", "{C956DD76-69C8-4A9C-83EA-D17DF83340FD}"
EndProject
Project("{9A19103F-16F7-4668-BE54-9A1E7A4F7556}") = "Unity.GrantManager.Web", "src\Unity.GrantManager.Web\Unity.GrantManager.Web.csproj", "{068855E8-9240-4F1A-910B-CF825794513B}"
EndProject
Project("{2150E333-8FDC-42A3-9474-1A3956D46DE8}") = "src", "src", "{CA9AC87F-097E-4F15-8393-4BC07735A5B0}"
EndProject
Project("{2150E333-8FDC-42A3-9474-1A3956D46DE8}") = "test", "test", "{04DBDB01-70F4-4E06-B468-8F87850B22BE}"
EndProject
Project("{9A19103F-16F7-4668-BE54-9A1E7A4F7556}") = "Unity.GrantManager.Application.Tests", "test\Unity.GrantManager.Application.Tests\Unity.GrantManager.Application.Tests.csproj", "{50B2631D-129C-47B3-A587-029CCD6099BC}"
EndProject
Project("{9A19103F-16F7-4668-BE54-9A1E7A4F7556}") = "Unity.GrantManager.Web.Tests", "test\Unity.GrantManager.Web.Tests\Unity.GrantManager.Web.Tests.csproj", "{5F1B28C6-8D0C-4155-92D0-252F7EA5F674}"
EndProject
Project("{9A19103F-16F7-4668-BE54-9A1E7A4F7556}") = "Unity.GrantManager.Domain.Shared", "src\Unity.GrantManager.Domain.Shared\Unity.GrantManager.Domain.Shared.csproj", "{42F719ED-8413-4895-B5B4-5AB56079BC66}"
EndProject
Project("{9A19103F-16F7-4668-BE54-9A1E7A4F7556}") = "Unity.GrantManager.Application.Contracts", "src\Unity.GrantManager.Application.Contracts\Unity.GrantManager.Application.Contracts.csproj", "{520659C8-C734-4298-A3DA-B539DB9DFC0B}"
EndProject
Project("{9A19103F-16F7-4668-BE54-9A1E7A4F7556}") = "Unity.GrantManager.HttpApi", "src\Unity.GrantManager.HttpApi\Unity.GrantManager.HttpApi.csproj", "{4164BDF7-F527-4E85-9CE6-E3C2D7426A27}"
EndProject
Project("{9A19103F-16F7-4668-BE54-9A1E7A4F7556}") = "Unity.GrantManager.HttpApi.Client", "src\Unity.GrantManager.HttpApi.Client\Unity.GrantManager.HttpApi.Client.csproj", "{3B5A0094-670D-4BB1-BFDD-61B88A8773DC}"
EndProject
Project("{9A19103F-16F7-4668-BE54-9A1E7A4F7556}") = "Unity.GrantManager.EntityFrameworkCore.Tests", "test\Unity.GrantManager.EntityFrameworkCore.Tests\Unity.GrantManager.EntityFrameworkCore.Tests.csproj", "{1FE30EB9-74A9-47F5-A9F6-7B1FAB672D81}"
EndProject
Project("{9A19103F-16F7-4668-BE54-9A1E7A4F7556}") = "Unity.GrantManager.TestBase", "test\Unity.GrantManager.TestBase\Unity.GrantManager.TestBase.csproj", "{91853F21-9CD9-4132-BC29-A7D5D84FFFE7}"
EndProject
Project("{9A19103F-16F7-4668-BE54-9A1E7A4F7556}") = "Unity.GrantManager.Domain.Tests", "test\Unity.GrantManager.Domain.Tests\Unity.GrantManager.Domain.Tests.csproj", "{E512F4D9-9375-480F-A2F6-A46509F9D824}"
EndProject
Project("{9A19103F-16F7-4668-BE54-9A1E7A4F7556}") = "Unity.GrantManager.DbMigrator", "src\Unity.GrantManager.DbMigrator\Unity.GrantManager.DbMigrator.csproj", "{AA94D832-1CCC-4715-95A9-A483F23A1A5D}"
EndProject
Project("{2150E333-8FDC-42A3-9474-1A3956D46DE8}") = "Unity.Identity", "Unity.Identity", "{F0333A40-3831-4AD2-A09A-42D35AC4F461}"
EndProject
Project("{9A19103F-16F7-4668-BE54-9A1E7A4F7556}") = "Unity.Identity.Web", "modules\Unity.Identity.Web\src\Unity.Identity.Web.csproj", "{DFA7DD09-BBF2-45A0-96B2-E73400D6E5AD}"
EndProject
Project("{2150E333-8FDC-42A3-9474-1A3956D46DE8}") = "Unity.TenantManagement", "Unity.TenantManagement", "{4D277ADA-5CCF-4ED6-9841-EF1B46C53560}"
EndProject
Project("{9A19103F-16F7-4668-BE54-9A1E7A4F7556}") = "Unity.TenantManagement.Application", "modules\Unity.TenantManagement\src\Unity.TenantManagement.Application\Unity.TenantManagement.Application.csproj", "{968004D8-3F03-4319-9923-2B2743E8953F}"
EndProject
Project("{9A19103F-16F7-4668-BE54-9A1E7A4F7556}") = "Unity.TenantManagement.Application.Contracts", "modules\Unity.TenantManagement\src\Unity.TenantManagement.Application.Contracts\Unity.TenantManagement.Application.Contracts.csproj", "{73A2E7ED-B537-44F8-9FF2-D0D6AE32D52E}"
EndProject
Project("{9A19103F-16F7-4668-BE54-9A1E7A4F7556}") = "Unity.TenantManagement.Web", "modules\Unity.TenantManagement\src\Unity.TenantManagement.Web\Unity.TenantManagement.Web.csproj", "{83E01FA2-38B7-41D3-88B9-A5D9DAD777CC}"
EndProject
Project("{9A19103F-16F7-4668-BE54-9A1E7A4F7556}") = "Unity.TenantManagement.Application.Tests", "modules\Unity.TenantManagement\test\Unity.TenantManagement.Application.Tests\Unity.TenantManagement.Application.Tests.csproj", "{25F9B05F-3CF7-491C-BECC-36DAA0BB948A}"
EndProject
Project("{9A19103F-16F7-4668-BE54-9A1E7A4F7556}") = "Unity.TenantManagement.EntityFrameworkCore.Tests", "modules\Unity.TenantManagement\test\Unity.TenantManagement.EntityFrameworkCore.Tests\Unity.TenantManagement.EntityFrameworkCore.Tests.csproj", "{30F22E60-5ACD-46D5-A6F9-A8CD3882A0D4}"
EndProject
Project("{9A19103F-16F7-4668-BE54-9A1E7A4F7556}") = "Unity.TenantManagement.TestBase", "modules\Unity.TenantManagement\test\Unity.TenantManagement.TestBase\Unity.TenantManagement.TestBase.csproj", "{280DDACE-FBFF-4B52-8C8F-FDDBE12C05A5}"
EndProject
Project("{9A19103F-16F7-4668-BE54-9A1E7A4F7556}") = "Unity.TenantManagement.HttpApi", "modules\Unity.TenantManagement\src\Unity.TenantManagement.HttpApi\Unity.TenantManagement.HttpApi.csproj", "{D36D1B15-2769-48EE-837C-D38287E2C1AA}"
EndProject
Project("{9A19103F-16F7-4668-BE54-9A1E7A4F7556}") = "Unity.TenantManagement.HttpApi.Client", "modules\Unity.TenantManagement\src\Unity.TenantManagement.HttpApi.Client\Unity.TenantManagement.HttpApi.Client.csproj", "{63692EBE-6C14-4E7A-86F8-48D58DA861A6}"
EndProject
Project("{2150E333-8FDC-42A3-9474-1A3956D46DE8}") = "Unity.Identity.Tests", "Unity.Identity.Tests", "{7651EAD1-197E-4A3A-97C1-91DC2CB60293}"
EndProject
Project("{9A19103F-16F7-4668-BE54-9A1E7A4F7556}") = "Unity.Identity.Web.Tests", "modules\Unity.Identity.Web\test\Unity.Identity.Web.Tests\Unity.Identity.Web.Tests.csproj", "{C70DA22F-CD79-44AA-B071-6EAFA7CB29DD}"
EndProject
Project("{2150E333-8FDC-42A3-9474-1A3956D46DE8}") = "Unity.TenantManagement.Tests", "Unity.TenantManagement.Tests", "{2B63CF79-50A5-45FF-8D38-3B2DFD3A7437}"
EndProject
Project("{2150E333-8FDC-42A3-9474-1A3956D46DE8}") = "Unity.Theme.UX2", "Unity.Theme.UX2", "{0096B0E8-A27E-4D2D-8534-90008562441E}"
EndProject
Project("{9A19103F-16F7-4668-BE54-9A1E7A4F7556}") = "Unity.AspNetCore.Mvc.UI.Theme.UX2", "modules\Unity.Theme.UX2\src\Unity.Theme.UX2\Unity.AspNetCore.Mvc.UI.Theme.UX2.csproj", "{682690E7-5932-4368-81F2-49342842123F}"
EndProject
Project("{2150E333-8FDC-42A3-9474-1A3956D46DE8}") = "Unity.Theme.UX2.Tests", "Unity.Theme.UX2.Tests", "{2AFE0373-0CEB-4072-A433-85A31A81B5A0}"
EndProject
Project("{9A19103F-16F7-4668-BE54-9A1E7A4F7556}") = "Unity.AspNetCore.Mvc.UI.Theme.UX2.Tests", "modules\Unity.Theme.UX2\test\Unity.Theme.UX2.Tests\Unity.AspNetCore.Mvc.UI.Theme.UX2.Tests.csproj", "{2B047013-1B49-4E35-A399-8E9263A40C15}"
EndProject
Project("{2150E333-8FDC-42A3-9474-1A3956D46DE8}") = "Unity.Flex", "Unity.Flex", "{29B0CA02-EC1F-45B3-A777-1916A74E11CA}"
EndProject
Project("{9A19103F-16F7-4668-BE54-9A1E7A4F7556}") = "Unity.Flex.Application", "modules\Unity.Flex\src\Unity.Flex.Application\Unity.Flex.Application.csproj", "{79777E84-2D64-4FFA-A0F2-983B45379A5E}"
EndProject
Project("{9A19103F-16F7-4668-BE54-9A1E7A4F7556}") = "Unity.Flex.Application.Contracts", "modules\Unity.Flex\src\Unity.Flex.Application.Contracts\Unity.Flex.Application.Contracts.csproj", "{155E22FC-996E-4672-A25A-E17C10440FCD}"
EndProject
Project("{2150E333-8FDC-42A3-9474-1A3956D46DE8}") = "Unity.Flex.Tests", "Unity.Flex.Tests", "{CDE485CC-D6EA-457A-88D6-DEEAF7CAC424}"
EndProject
Project("{9A19103F-16F7-4668-BE54-9A1E7A4F7556}") = "Unity.Flex.Application.Tests", "modules\Unity.Flex\test\Unity.Flex.Application.Tests\Unity.Flex.Application.Tests.csproj", "{CCE8C0EA-5764-4884-A913-660973B77C37}"
EndProject
Project("{9A19103F-16F7-4668-BE54-9A1E7A4F7556}") = "Unity.Flex.TestBase", "modules\Unity.Flex\test\Unity.Flex.TestBase\Unity.Flex.TestBase.csproj", "{470C1F23-BE64-47E1-BC64-48CF41A36A78}"
EndProject
Project("{9A19103F-16F7-4668-BE54-9A1E7A4F7556}") = "Unity.Flex.Web", "modules\Unity.Flex\src\Unity.Flex.Web\Unity.Flex.Web.csproj", "{71E3B4D0-A8DF-4DD9-A4C0-D0A323429962}"
EndProject
Project("{9A19103F-16F7-4668-BE54-9A1E7A4F7556}") = "Unity.SharedKernel", "modules\Unity.SharedKernel\Unity.SharedKernel.csproj", "{421EC2F5-0AC1-4239-A0D0-0D17EF124F5B}"
EndProject
Project("{9A19103F-16F7-4668-BE54-9A1E7A4F7556}") = "Unity.Flex.Shared", "modules\Unity.Flex\src\Unity.Flex.Shared\Unity.Flex.Shared.csproj", "{EC2DA32D-B5B1-4FC0-A4CD-4AE076DBA4C1}"
EndProject
Project("{9A19103F-16F7-4668-BE54-9A1E7A4F7556}") = "Unity.Payments.Shared", "modules\Unity.Payments\src\Unity.Payments.Shared\Unity.Payments.Shared.csproj", "{0355D299-4880-4F11-84A9-E14639A76AC4}"
EndProject
Project("{9A19103F-16F7-4668-BE54-9A1E7A4F7556}") = "Unity.Flex.Web.Tests", "modules\Unity.Flex\test\Unity.Flex.Web.Tests\Unity.Flex.Web.Tests.csproj", "{5F4CFB7E-A14A-40A1-8833-A55CB296D31B}"
EndProject
Project("{FAE04EC0-301F-11D3-BF4B-00C04F79EFBC}") = "Unity.Reporting.Web", "modules\Unity.Reporting\src\Unity.Reporting.Web\Unity.Reporting.Web.csproj", "{3E4E5506-9820-4650-8062-4A07FB2C851A}"
EndProject
Global
	GlobalSection(SolutionConfigurationPlatforms) = preSolution
		Debug|Any CPU = Debug|Any CPU
		Release|Any CPU = Release|Any CPU
	EndGlobalSection
	GlobalSection(ProjectConfigurationPlatforms) = postSolution
		{554AD327-6DBA-4F8F-96F8-81CE7A0C863F}.Debug|Any CPU.ActiveCfg = Debug|Any CPU
		{554AD327-6DBA-4F8F-96F8-81CE7A0C863F}.Debug|Any CPU.Build.0 = Debug|Any CPU
		{554AD327-6DBA-4F8F-96F8-81CE7A0C863F}.Release|Any CPU.ActiveCfg = Release|Any CPU
		{554AD327-6DBA-4F8F-96F8-81CE7A0C863F}.Release|Any CPU.Build.0 = Release|Any CPU
		{ADB3F0D9-8135-4570-B36D-D303E388B016}.Debug|Any CPU.ActiveCfg = Debug|Any CPU
		{ADB3F0D9-8135-4570-B36D-D303E388B016}.Debug|Any CPU.Build.0 = Debug|Any CPU
		{ADB3F0D9-8135-4570-B36D-D303E388B016}.Release|Any CPU.ActiveCfg = Release|Any CPU
		{ADB3F0D9-8135-4570-B36D-D303E388B016}.Release|Any CPU.Build.0 = Release|Any CPU
		{8FF049A3-60E5-4BB3-93B6-07E23BD6104C}.Debug|Any CPU.ActiveCfg = Debug|Any CPU
		{8FF049A3-60E5-4BB3-93B6-07E23BD6104C}.Debug|Any CPU.Build.0 = Debug|Any CPU
		{8FF049A3-60E5-4BB3-93B6-07E23BD6104C}.Release|Any CPU.ActiveCfg = Release|Any CPU
		{8FF049A3-60E5-4BB3-93B6-07E23BD6104C}.Release|Any CPU.Build.0 = Release|Any CPU
		{CF33FCEB-F653-41CA-A85E-E95735245D20}.Debug|Any CPU.ActiveCfg = Debug|Any CPU
		{CF33FCEB-F653-41CA-A85E-E95735245D20}.Debug|Any CPU.Build.0 = Debug|Any CPU
		{CF33FCEB-F653-41CA-A85E-E95735245D20}.Release|Any CPU.ActiveCfg = Release|Any CPU
		{CF33FCEB-F653-41CA-A85E-E95735245D20}.Release|Any CPU.Build.0 = Release|Any CPU
		{3E080BCC-D8EE-4BA9-9CBD-421509A95240}.Debug|Any CPU.ActiveCfg = Debug|Any CPU
		{3E080BCC-D8EE-4BA9-9CBD-421509A95240}.Debug|Any CPU.Build.0 = Debug|Any CPU
		{3E080BCC-D8EE-4BA9-9CBD-421509A95240}.Release|Any CPU.ActiveCfg = Release|Any CPU
		{3E080BCC-D8EE-4BA9-9CBD-421509A95240}.Release|Any CPU.Build.0 = Release|Any CPU
		{66B73164-12BD-4177-80A4-5651D99722B3}.Debug|Any CPU.ActiveCfg = Debug|Any CPU
		{66B73164-12BD-4177-80A4-5651D99722B3}.Debug|Any CPU.Build.0 = Debug|Any CPU
		{66B73164-12BD-4177-80A4-5651D99722B3}.Release|Any CPU.ActiveCfg = Release|Any CPU
		{66B73164-12BD-4177-80A4-5651D99722B3}.Release|Any CPU.Build.0 = Release|Any CPU
		{7A50AA1C-2555-4684-97BE-2E00548695C8}.Debug|Any CPU.ActiveCfg = Debug|Any CPU
		{7A50AA1C-2555-4684-97BE-2E00548695C8}.Debug|Any CPU.Build.0 = Debug|Any CPU
		{7A50AA1C-2555-4684-97BE-2E00548695C8}.Release|Any CPU.ActiveCfg = Release|Any CPU
		{7A50AA1C-2555-4684-97BE-2E00548695C8}.Release|Any CPU.Build.0 = Release|Any CPU
		{AACA1640-8E9A-48BA-9460-4EE3713FB856}.Debug|Any CPU.ActiveCfg = Debug|Any CPU
		{AACA1640-8E9A-48BA-9460-4EE3713FB856}.Debug|Any CPU.Build.0 = Debug|Any CPU
		{AACA1640-8E9A-48BA-9460-4EE3713FB856}.Release|Any CPU.ActiveCfg = Release|Any CPU
		{AACA1640-8E9A-48BA-9460-4EE3713FB856}.Release|Any CPU.Build.0 = Release|Any CPU
		{706F747A-D139-4C1E-9320-1C9492FF2330}.Debug|Any CPU.ActiveCfg = Debug|Any CPU
		{706F747A-D139-4C1E-9320-1C9492FF2330}.Debug|Any CPU.Build.0 = Debug|Any CPU
		{706F747A-D139-4C1E-9320-1C9492FF2330}.Release|Any CPU.ActiveCfg = Release|Any CPU
		{706F747A-D139-4C1E-9320-1C9492FF2330}.Release|Any CPU.Build.0 = Release|Any CPU
		{4EDF992C-4030-45E1-BECC-C4704D8E99DB}.Debug|Any CPU.ActiveCfg = Debug|Any CPU
		{4EDF992C-4030-45E1-BECC-C4704D8E99DB}.Debug|Any CPU.Build.0 = Debug|Any CPU
		{4EDF992C-4030-45E1-BECC-C4704D8E99DB}.Release|Any CPU.ActiveCfg = Release|Any CPU
		{4EDF992C-4030-45E1-BECC-C4704D8E99DB}.Release|Any CPU.Build.0 = Release|Any CPU
		{CFB040B4-CE92-444F-B172-A1742019C3FD}.Debug|Any CPU.ActiveCfg = Debug|Any CPU
		{CFB040B4-CE92-444F-B172-A1742019C3FD}.Debug|Any CPU.Build.0 = Debug|Any CPU
		{CFB040B4-CE92-444F-B172-A1742019C3FD}.Release|Any CPU.ActiveCfg = Release|Any CPU
		{CFB040B4-CE92-444F-B172-A1742019C3FD}.Release|Any CPU.Build.0 = Release|Any CPU
		{4B7FA256-3738-4933-8064-2080CA595627}.Debug|Any CPU.ActiveCfg = Debug|Any CPU
		{4B7FA256-3738-4933-8064-2080CA595627}.Debug|Any CPU.Build.0 = Debug|Any CPU
		{4B7FA256-3738-4933-8064-2080CA595627}.Release|Any CPU.ActiveCfg = Release|Any CPU
		{4B7FA256-3738-4933-8064-2080CA595627}.Release|Any CPU.Build.0 = Release|Any CPU
		{0BB98B41-8E7A-405D-BC5C-DB66F020A227}.Debug|Any CPU.ActiveCfg = Debug|Any CPU
		{0BB98B41-8E7A-405D-BC5C-DB66F020A227}.Debug|Any CPU.Build.0 = Debug|Any CPU
		{0BB98B41-8E7A-405D-BC5C-DB66F020A227}.Release|Any CPU.ActiveCfg = Release|Any CPU
		{0BB98B41-8E7A-405D-BC5C-DB66F020A227}.Release|Any CPU.Build.0 = Release|Any CPU
		{4393C2E5-B3EA-4FE9-B9BE-A1178D61BA95}.Debug|Any CPU.ActiveCfg = Debug|Any CPU
		{4393C2E5-B3EA-4FE9-B9BE-A1178D61BA95}.Debug|Any CPU.Build.0 = Debug|Any CPU
		{4393C2E5-B3EA-4FE9-B9BE-A1178D61BA95}.Release|Any CPU.ActiveCfg = Release|Any CPU
		{4393C2E5-B3EA-4FE9-B9BE-A1178D61BA95}.Release|Any CPU.Build.0 = Release|Any CPU
		{172A1F64-213A-4162-A9C5-84757B89DA2B}.Debug|Any CPU.ActiveCfg = Debug|Any CPU
		{172A1F64-213A-4162-A9C5-84757B89DA2B}.Debug|Any CPU.Build.0 = Debug|Any CPU
		{172A1F64-213A-4162-A9C5-84757B89DA2B}.Release|Any CPU.ActiveCfg = Release|Any CPU
		{172A1F64-213A-4162-A9C5-84757B89DA2B}.Release|Any CPU.Build.0 = Release|Any CPU
		{BBB43BD7-7136-40ED-84A5-992BC1BE17F2}.Debug|Any CPU.ActiveCfg = Debug|Any CPU
		{BBB43BD7-7136-40ED-84A5-992BC1BE17F2}.Debug|Any CPU.Build.0 = Debug|Any CPU
		{BBB43BD7-7136-40ED-84A5-992BC1BE17F2}.Release|Any CPU.ActiveCfg = Release|Any CPU
		{BBB43BD7-7136-40ED-84A5-992BC1BE17F2}.Release|Any CPU.Build.0 = Release|Any CPU
		{EEEEA9FE-F94F-4D5A-81F3-F9F4A07466B1}.Debug|Any CPU.ActiveCfg = Debug|Any CPU
		{EEEEA9FE-F94F-4D5A-81F3-F9F4A07466B1}.Debug|Any CPU.Build.0 = Debug|Any CPU
		{EEEEA9FE-F94F-4D5A-81F3-F9F4A07466B1}.Release|Any CPU.ActiveCfg = Release|Any CPU
		{EEEEA9FE-F94F-4D5A-81F3-F9F4A07466B1}.Release|Any CPU.Build.0 = Release|Any CPU
		{D56A986D-F187-4799-8876-801089465B26}.Debug|Any CPU.ActiveCfg = Debug|Any CPU
		{D56A986D-F187-4799-8876-801089465B26}.Debug|Any CPU.Build.0 = Debug|Any CPU
		{D56A986D-F187-4799-8876-801089465B26}.Release|Any CPU.ActiveCfg = Release|Any CPU
		{D56A986D-F187-4799-8876-801089465B26}.Release|Any CPU.Build.0 = Release|Any CPU
		{920A2A54-CA90-4CA3-BCC8-F842477A0F85}.Debug|Any CPU.ActiveCfg = Debug|Any CPU
		{920A2A54-CA90-4CA3-BCC8-F842477A0F85}.Debug|Any CPU.Build.0 = Debug|Any CPU
		{920A2A54-CA90-4CA3-BCC8-F842477A0F85}.Release|Any CPU.ActiveCfg = Release|Any CPU
		{920A2A54-CA90-4CA3-BCC8-F842477A0F85}.Release|Any CPU.Build.0 = Release|Any CPU
		{01039C5F-B7DD-444A-9DA3-64BEE090D58D}.Debug|Any CPU.ActiveCfg = Debug|Any CPU
		{01039C5F-B7DD-444A-9DA3-64BEE090D58D}.Debug|Any CPU.Build.0 = Debug|Any CPU
		{01039C5F-B7DD-444A-9DA3-64BEE090D58D}.Release|Any CPU.ActiveCfg = Release|Any CPU
		{01039C5F-B7DD-444A-9DA3-64BEE090D58D}.Release|Any CPU.Build.0 = Release|Any CPU
		{413E45FB-9047-43C6-A286-0EA4A90E29EB}.Debug|Any CPU.ActiveCfg = Debug|Any CPU
		{413E45FB-9047-43C6-A286-0EA4A90E29EB}.Debug|Any CPU.Build.0 = Debug|Any CPU
		{413E45FB-9047-43C6-A286-0EA4A90E29EB}.Release|Any CPU.ActiveCfg = Release|Any CPU
		{413E45FB-9047-43C6-A286-0EA4A90E29EB}.Release|Any CPU.Build.0 = Release|Any CPU
		{BD1EC3CC-9CCE-49A8-B5BB-7493452D09BB}.Debug|Any CPU.ActiveCfg = Debug|Any CPU
		{BD1EC3CC-9CCE-49A8-B5BB-7493452D09BB}.Debug|Any CPU.Build.0 = Debug|Any CPU
		{BD1EC3CC-9CCE-49A8-B5BB-7493452D09BB}.Release|Any CPU.ActiveCfg = Release|Any CPU
		{BD1EC3CC-9CCE-49A8-B5BB-7493452D09BB}.Release|Any CPU.Build.0 = Release|Any CPU
		{9102F274-D893-4213-A0F0-EEECA068CB68}.Debug|Any CPU.ActiveCfg = Debug|Any CPU
		{9102F274-D893-4213-A0F0-EEECA068CB68}.Debug|Any CPU.Build.0 = Debug|Any CPU
		{9102F274-D893-4213-A0F0-EEECA068CB68}.Release|Any CPU.ActiveCfg = Release|Any CPU
		{9102F274-D893-4213-A0F0-EEECA068CB68}.Release|Any CPU.Build.0 = Release|Any CPU
		{07FD7B3D-A5C5-4AEB-86A3-9536D94FF861}.Debug|Any CPU.ActiveCfg = Debug|Any CPU
		{07FD7B3D-A5C5-4AEB-86A3-9536D94FF861}.Debug|Any CPU.Build.0 = Debug|Any CPU
		{07FD7B3D-A5C5-4AEB-86A3-9536D94FF861}.Release|Any CPU.ActiveCfg = Release|Any CPU
		{07FD7B3D-A5C5-4AEB-86A3-9536D94FF861}.Release|Any CPU.Build.0 = Release|Any CPU
		{1A94A50E-06DC-43C1-80B5-B662820EC3EB}.Debug|Any CPU.ActiveCfg = Debug|Any CPU
		{1A94A50E-06DC-43C1-80B5-B662820EC3EB}.Debug|Any CPU.Build.0 = Debug|Any CPU
		{1A94A50E-06DC-43C1-80B5-B662820EC3EB}.Release|Any CPU.ActiveCfg = Release|Any CPU
		{1A94A50E-06DC-43C1-80B5-B662820EC3EB}.Release|Any CPU.Build.0 = Release|Any CPU
		{C956DD76-69C8-4A9C-83EA-D17DF83340FD}.Debug|Any CPU.ActiveCfg = Debug|Any CPU
		{C956DD76-69C8-4A9C-83EA-D17DF83340FD}.Debug|Any CPU.Build.0 = Debug|Any CPU
		{C956DD76-69C8-4A9C-83EA-D17DF83340FD}.Release|Any CPU.ActiveCfg = Release|Any CPU
		{C956DD76-69C8-4A9C-83EA-D17DF83340FD}.Release|Any CPU.Build.0 = Release|Any CPU
		{068855E8-9240-4F1A-910B-CF825794513B}.Debug|Any CPU.ActiveCfg = Debug|Any CPU
		{068855E8-9240-4F1A-910B-CF825794513B}.Debug|Any CPU.Build.0 = Debug|Any CPU
		{068855E8-9240-4F1A-910B-CF825794513B}.Release|Any CPU.ActiveCfg = Release|Any CPU
		{068855E8-9240-4F1A-910B-CF825794513B}.Release|Any CPU.Build.0 = Release|Any CPU
		{50B2631D-129C-47B3-A587-029CCD6099BC}.Debug|Any CPU.ActiveCfg = Debug|Any CPU
		{50B2631D-129C-47B3-A587-029CCD6099BC}.Debug|Any CPU.Build.0 = Debug|Any CPU
		{50B2631D-129C-47B3-A587-029CCD6099BC}.Release|Any CPU.ActiveCfg = Release|Any CPU
		{50B2631D-129C-47B3-A587-029CCD6099BC}.Release|Any CPU.Build.0 = Release|Any CPU
		{5F1B28C6-8D0C-4155-92D0-252F7EA5F674}.Debug|Any CPU.ActiveCfg = Debug|Any CPU
		{5F1B28C6-8D0C-4155-92D0-252F7EA5F674}.Debug|Any CPU.Build.0 = Debug|Any CPU
		{5F1B28C6-8D0C-4155-92D0-252F7EA5F674}.Release|Any CPU.ActiveCfg = Release|Any CPU
		{5F1B28C6-8D0C-4155-92D0-252F7EA5F674}.Release|Any CPU.Build.0 = Release|Any CPU
		{42F719ED-8413-4895-B5B4-5AB56079BC66}.Debug|Any CPU.ActiveCfg = Debug|Any CPU
		{42F719ED-8413-4895-B5B4-5AB56079BC66}.Debug|Any CPU.Build.0 = Debug|Any CPU
		{42F719ED-8413-4895-B5B4-5AB56079BC66}.Release|Any CPU.ActiveCfg = Release|Any CPU
		{42F719ED-8413-4895-B5B4-5AB56079BC66}.Release|Any CPU.Build.0 = Release|Any CPU
		{520659C8-C734-4298-A3DA-B539DB9DFC0B}.Debug|Any CPU.ActiveCfg = Debug|Any CPU
		{520659C8-C734-4298-A3DA-B539DB9DFC0B}.Debug|Any CPU.Build.0 = Debug|Any CPU
		{520659C8-C734-4298-A3DA-B539DB9DFC0B}.Release|Any CPU.ActiveCfg = Release|Any CPU
		{520659C8-C734-4298-A3DA-B539DB9DFC0B}.Release|Any CPU.Build.0 = Release|Any CPU
		{4164BDF7-F527-4E85-9CE6-E3C2D7426A27}.Debug|Any CPU.ActiveCfg = Debug|Any CPU
		{4164BDF7-F527-4E85-9CE6-E3C2D7426A27}.Debug|Any CPU.Build.0 = Debug|Any CPU
		{4164BDF7-F527-4E85-9CE6-E3C2D7426A27}.Release|Any CPU.ActiveCfg = Release|Any CPU
		{4164BDF7-F527-4E85-9CE6-E3C2D7426A27}.Release|Any CPU.Build.0 = Release|Any CPU
		{3B5A0094-670D-4BB1-BFDD-61B88A8773DC}.Debug|Any CPU.ActiveCfg = Debug|Any CPU
		{3B5A0094-670D-4BB1-BFDD-61B88A8773DC}.Debug|Any CPU.Build.0 = Debug|Any CPU
		{3B5A0094-670D-4BB1-BFDD-61B88A8773DC}.Release|Any CPU.ActiveCfg = Release|Any CPU
		{3B5A0094-670D-4BB1-BFDD-61B88A8773DC}.Release|Any CPU.Build.0 = Release|Any CPU
		{1FE30EB9-74A9-47F5-A9F6-7B1FAB672D81}.Debug|Any CPU.ActiveCfg = Debug|Any CPU
		{1FE30EB9-74A9-47F5-A9F6-7B1FAB672D81}.Debug|Any CPU.Build.0 = Debug|Any CPU
		{1FE30EB9-74A9-47F5-A9F6-7B1FAB672D81}.Release|Any CPU.ActiveCfg = Release|Any CPU
		{1FE30EB9-74A9-47F5-A9F6-7B1FAB672D81}.Release|Any CPU.Build.0 = Release|Any CPU
		{91853F21-9CD9-4132-BC29-A7D5D84FFFE7}.Debug|Any CPU.ActiveCfg = Debug|Any CPU
		{91853F21-9CD9-4132-BC29-A7D5D84FFFE7}.Debug|Any CPU.Build.0 = Debug|Any CPU
		{91853F21-9CD9-4132-BC29-A7D5D84FFFE7}.Release|Any CPU.ActiveCfg = Release|Any CPU
		{91853F21-9CD9-4132-BC29-A7D5D84FFFE7}.Release|Any CPU.Build.0 = Release|Any CPU
		{E512F4D9-9375-480F-A2F6-A46509F9D824}.Debug|Any CPU.ActiveCfg = Debug|Any CPU
		{E512F4D9-9375-480F-A2F6-A46509F9D824}.Debug|Any CPU.Build.0 = Debug|Any CPU
		{E512F4D9-9375-480F-A2F6-A46509F9D824}.Release|Any CPU.ActiveCfg = Release|Any CPU
		{E512F4D9-9375-480F-A2F6-A46509F9D824}.Release|Any CPU.Build.0 = Release|Any CPU
		{AA94D832-1CCC-4715-95A9-A483F23A1A5D}.Debug|Any CPU.ActiveCfg = Debug|Any CPU
		{AA94D832-1CCC-4715-95A9-A483F23A1A5D}.Debug|Any CPU.Build.0 = Debug|Any CPU
		{AA94D832-1CCC-4715-95A9-A483F23A1A5D}.Release|Any CPU.ActiveCfg = Release|Any CPU
		{AA94D832-1CCC-4715-95A9-A483F23A1A5D}.Release|Any CPU.Build.0 = Release|Any CPU
		{DFA7DD09-BBF2-45A0-96B2-E73400D6E5AD}.Debug|Any CPU.ActiveCfg = Debug|Any CPU
		{DFA7DD09-BBF2-45A0-96B2-E73400D6E5AD}.Debug|Any CPU.Build.0 = Debug|Any CPU
		{DFA7DD09-BBF2-45A0-96B2-E73400D6E5AD}.Release|Any CPU.ActiveCfg = Release|Any CPU
		{DFA7DD09-BBF2-45A0-96B2-E73400D6E5AD}.Release|Any CPU.Build.0 = Release|Any CPU
		{968004D8-3F03-4319-9923-2B2743E8953F}.Debug|Any CPU.ActiveCfg = Debug|Any CPU
		{968004D8-3F03-4319-9923-2B2743E8953F}.Debug|Any CPU.Build.0 = Debug|Any CPU
		{968004D8-3F03-4319-9923-2B2743E8953F}.Release|Any CPU.ActiveCfg = Release|Any CPU
		{968004D8-3F03-4319-9923-2B2743E8953F}.Release|Any CPU.Build.0 = Release|Any CPU
		{73A2E7ED-B537-44F8-9FF2-D0D6AE32D52E}.Debug|Any CPU.ActiveCfg = Debug|Any CPU
		{73A2E7ED-B537-44F8-9FF2-D0D6AE32D52E}.Debug|Any CPU.Build.0 = Debug|Any CPU
		{73A2E7ED-B537-44F8-9FF2-D0D6AE32D52E}.Release|Any CPU.ActiveCfg = Release|Any CPU
		{73A2E7ED-B537-44F8-9FF2-D0D6AE32D52E}.Release|Any CPU.Build.0 = Release|Any CPU
		{83E01FA2-38B7-41D3-88B9-A5D9DAD777CC}.Debug|Any CPU.ActiveCfg = Debug|Any CPU
		{83E01FA2-38B7-41D3-88B9-A5D9DAD777CC}.Debug|Any CPU.Build.0 = Debug|Any CPU
		{83E01FA2-38B7-41D3-88B9-A5D9DAD777CC}.Release|Any CPU.ActiveCfg = Release|Any CPU
		{83E01FA2-38B7-41D3-88B9-A5D9DAD777CC}.Release|Any CPU.Build.0 = Release|Any CPU
		{25F9B05F-3CF7-491C-BECC-36DAA0BB948A}.Debug|Any CPU.ActiveCfg = Debug|Any CPU
		{25F9B05F-3CF7-491C-BECC-36DAA0BB948A}.Debug|Any CPU.Build.0 = Debug|Any CPU
		{25F9B05F-3CF7-491C-BECC-36DAA0BB948A}.Release|Any CPU.ActiveCfg = Release|Any CPU
		{25F9B05F-3CF7-491C-BECC-36DAA0BB948A}.Release|Any CPU.Build.0 = Release|Any CPU
		{30F22E60-5ACD-46D5-A6F9-A8CD3882A0D4}.Debug|Any CPU.ActiveCfg = Debug|Any CPU
		{30F22E60-5ACD-46D5-A6F9-A8CD3882A0D4}.Debug|Any CPU.Build.0 = Debug|Any CPU
		{30F22E60-5ACD-46D5-A6F9-A8CD3882A0D4}.Release|Any CPU.ActiveCfg = Release|Any CPU
		{30F22E60-5ACD-46D5-A6F9-A8CD3882A0D4}.Release|Any CPU.Build.0 = Release|Any CPU
		{280DDACE-FBFF-4B52-8C8F-FDDBE12C05A5}.Debug|Any CPU.ActiveCfg = Debug|Any CPU
		{280DDACE-FBFF-4B52-8C8F-FDDBE12C05A5}.Debug|Any CPU.Build.0 = Debug|Any CPU
		{280DDACE-FBFF-4B52-8C8F-FDDBE12C05A5}.Release|Any CPU.ActiveCfg = Release|Any CPU
		{280DDACE-FBFF-4B52-8C8F-FDDBE12C05A5}.Release|Any CPU.Build.0 = Release|Any CPU
		{D36D1B15-2769-48EE-837C-D38287E2C1AA}.Debug|Any CPU.ActiveCfg = Debug|Any CPU
		{D36D1B15-2769-48EE-837C-D38287E2C1AA}.Debug|Any CPU.Build.0 = Debug|Any CPU
		{D36D1B15-2769-48EE-837C-D38287E2C1AA}.Release|Any CPU.ActiveCfg = Release|Any CPU
		{D36D1B15-2769-48EE-837C-D38287E2C1AA}.Release|Any CPU.Build.0 = Release|Any CPU
		{63692EBE-6C14-4E7A-86F8-48D58DA861A6}.Debug|Any CPU.ActiveCfg = Debug|Any CPU
		{63692EBE-6C14-4E7A-86F8-48D58DA861A6}.Debug|Any CPU.Build.0 = Debug|Any CPU
		{63692EBE-6C14-4E7A-86F8-48D58DA861A6}.Release|Any CPU.ActiveCfg = Release|Any CPU
		{63692EBE-6C14-4E7A-86F8-48D58DA861A6}.Release|Any CPU.Build.0 = Release|Any CPU
		{C70DA22F-CD79-44AA-B071-6EAFA7CB29DD}.Debug|Any CPU.ActiveCfg = Debug|Any CPU
		{C70DA22F-CD79-44AA-B071-6EAFA7CB29DD}.Debug|Any CPU.Build.0 = Debug|Any CPU
		{C70DA22F-CD79-44AA-B071-6EAFA7CB29DD}.Release|Any CPU.ActiveCfg = Release|Any CPU
		{C70DA22F-CD79-44AA-B071-6EAFA7CB29DD}.Release|Any CPU.Build.0 = Release|Any CPU
		{682690E7-5932-4368-81F2-49342842123F}.Debug|Any CPU.ActiveCfg = Debug|Any CPU
		{682690E7-5932-4368-81F2-49342842123F}.Debug|Any CPU.Build.0 = Debug|Any CPU
		{682690E7-5932-4368-81F2-49342842123F}.Release|Any CPU.ActiveCfg = Release|Any CPU
		{682690E7-5932-4368-81F2-49342842123F}.Release|Any CPU.Build.0 = Release|Any CPU
		{2B047013-1B49-4E35-A399-8E9263A40C15}.Debug|Any CPU.ActiveCfg = Debug|Any CPU
		{2B047013-1B49-4E35-A399-8E9263A40C15}.Debug|Any CPU.Build.0 = Debug|Any CPU
		{2B047013-1B49-4E35-A399-8E9263A40C15}.Release|Any CPU.ActiveCfg = Release|Any CPU
		{2B047013-1B49-4E35-A399-8E9263A40C15}.Release|Any CPU.Build.0 = Release|Any CPU
		{79777E84-2D64-4FFA-A0F2-983B45379A5E}.Debug|Any CPU.ActiveCfg = Debug|Any CPU
		{79777E84-2D64-4FFA-A0F2-983B45379A5E}.Debug|Any CPU.Build.0 = Debug|Any CPU
		{79777E84-2D64-4FFA-A0F2-983B45379A5E}.Release|Any CPU.ActiveCfg = Release|Any CPU
		{79777E84-2D64-4FFA-A0F2-983B45379A5E}.Release|Any CPU.Build.0 = Release|Any CPU
		{155E22FC-996E-4672-A25A-E17C10440FCD}.Debug|Any CPU.ActiveCfg = Debug|Any CPU
		{155E22FC-996E-4672-A25A-E17C10440FCD}.Debug|Any CPU.Build.0 = Debug|Any CPU
		{155E22FC-996E-4672-A25A-E17C10440FCD}.Release|Any CPU.ActiveCfg = Release|Any CPU
		{155E22FC-996E-4672-A25A-E17C10440FCD}.Release|Any CPU.Build.0 = Release|Any CPU
		{CCE8C0EA-5764-4884-A913-660973B77C37}.Debug|Any CPU.ActiveCfg = Debug|Any CPU
		{CCE8C0EA-5764-4884-A913-660973B77C37}.Debug|Any CPU.Build.0 = Debug|Any CPU
		{CCE8C0EA-5764-4884-A913-660973B77C37}.Release|Any CPU.ActiveCfg = Release|Any CPU
		{CCE8C0EA-5764-4884-A913-660973B77C37}.Release|Any CPU.Build.0 = Release|Any CPU
		{470C1F23-BE64-47E1-BC64-48CF41A36A78}.Debug|Any CPU.ActiveCfg = Debug|Any CPU
		{470C1F23-BE64-47E1-BC64-48CF41A36A78}.Debug|Any CPU.Build.0 = Debug|Any CPU
		{470C1F23-BE64-47E1-BC64-48CF41A36A78}.Release|Any CPU.ActiveCfg = Release|Any CPU
		{470C1F23-BE64-47E1-BC64-48CF41A36A78}.Release|Any CPU.Build.0 = Release|Any CPU
		{71E3B4D0-A8DF-4DD9-A4C0-D0A323429962}.Debug|Any CPU.ActiveCfg = Debug|Any CPU
		{71E3B4D0-A8DF-4DD9-A4C0-D0A323429962}.Debug|Any CPU.Build.0 = Debug|Any CPU
		{71E3B4D0-A8DF-4DD9-A4C0-D0A323429962}.Release|Any CPU.ActiveCfg = Release|Any CPU
		{71E3B4D0-A8DF-4DD9-A4C0-D0A323429962}.Release|Any CPU.Build.0 = Release|Any CPU
		{421EC2F5-0AC1-4239-A0D0-0D17EF124F5B}.Debug|Any CPU.ActiveCfg = Debug|Any CPU
		{421EC2F5-0AC1-4239-A0D0-0D17EF124F5B}.Debug|Any CPU.Build.0 = Debug|Any CPU
		{421EC2F5-0AC1-4239-A0D0-0D17EF124F5B}.Release|Any CPU.ActiveCfg = Release|Any CPU
		{421EC2F5-0AC1-4239-A0D0-0D17EF124F5B}.Release|Any CPU.Build.0 = Release|Any CPU
		{EC2DA32D-B5B1-4FC0-A4CD-4AE076DBA4C1}.Debug|Any CPU.ActiveCfg = Debug|Any CPU
		{EC2DA32D-B5B1-4FC0-A4CD-4AE076DBA4C1}.Debug|Any CPU.Build.0 = Debug|Any CPU
		{EC2DA32D-B5B1-4FC0-A4CD-4AE076DBA4C1}.Release|Any CPU.ActiveCfg = Release|Any CPU
		{EC2DA32D-B5B1-4FC0-A4CD-4AE076DBA4C1}.Release|Any CPU.Build.0 = Release|Any CPU
		{0355D299-4880-4F11-84A9-E14639A76AC4}.Debug|Any CPU.ActiveCfg = Debug|Any CPU
		{0355D299-4880-4F11-84A9-E14639A76AC4}.Debug|Any CPU.Build.0 = Debug|Any CPU
		{0355D299-4880-4F11-84A9-E14639A76AC4}.Release|Any CPU.ActiveCfg = Release|Any CPU
		{0355D299-4880-4F11-84A9-E14639A76AC4}.Release|Any CPU.Build.0 = Release|Any CPU
		{5F4CFB7E-A14A-40A1-8833-A55CB296D31B}.Debug|Any CPU.ActiveCfg = Debug|Any CPU
		{5F4CFB7E-A14A-40A1-8833-A55CB296D31B}.Debug|Any CPU.Build.0 = Debug|Any CPU
		{5F4CFB7E-A14A-40A1-8833-A55CB296D31B}.Release|Any CPU.ActiveCfg = Release|Any CPU
		{5F4CFB7E-A14A-40A1-8833-A55CB296D31B}.Release|Any CPU.Build.0 = Release|Any CPU
		{3E4E5506-9820-4650-8062-4A07FB2C851A}.Debug|Any CPU.ActiveCfg = Debug|Any CPU
		{3E4E5506-9820-4650-8062-4A07FB2C851A}.Debug|Any CPU.Build.0 = Debug|Any CPU
		{3E4E5506-9820-4650-8062-4A07FB2C851A}.Release|Any CPU.ActiveCfg = Release|Any CPU
		{3E4E5506-9820-4650-8062-4A07FB2C851A}.Release|Any CPU.Build.0 = Release|Any CPU
	EndGlobalSection
	GlobalSection(SolutionProperties) = preSolution
		HideSolutionNode = FALSE
	EndGlobalSection
	GlobalSection(NestedProjects) = preSolution
		{554AD327-6DBA-4F8F-96F8-81CE7A0C863F} = {CA9AC87F-097E-4F15-8393-4BC07735A5B0}
		{ADB3F0D9-8135-4570-B36D-D303E388B016} = {2FED9D1B-46F2-45F2-985B-9DCB75846D93}
		{8FF049A3-60E5-4BB3-93B6-07E23BD6104C} = {2FED9D1B-46F2-45F2-985B-9DCB75846D93}
		{CF33FCEB-F653-41CA-A85E-E95735245D20} = {FF8024E0-68D2-4716-8812-E6D16730F4CC}
		{3E080BCC-D8EE-4BA9-9CBD-421509A95240} = {FF8024E0-68D2-4716-8812-E6D16730F4CC}
		{66B73164-12BD-4177-80A4-5651D99722B3} = {FF8024E0-68D2-4716-8812-E6D16730F4CC}
		{2FED9D1B-46F2-45F2-985B-9DCB75846D93} = {04DBDB01-70F4-4E06-B468-8F87850B22BE}
		{FF8024E0-68D2-4716-8812-E6D16730F4CC} = {00099710-CF66-4BD2-932C-5B7534B78185}
		{7A50AA1C-2555-4684-97BE-2E00548695C8} = {15294EFE-992E-4CCF-9945-7327AB2EDADD}
		{AACA1640-8E9A-48BA-9460-4EE3713FB856} = {DCD8F5B7-B381-4C10-AB86-EFE884CEBADB}
		{706F747A-D139-4C1E-9320-1C9492FF2330} = {15294EFE-992E-4CCF-9945-7327AB2EDADD}
		{4EDF992C-4030-45E1-BECC-C4704D8E99DB} = {15294EFE-992E-4CCF-9945-7327AB2EDADD}
		{CFB040B4-CE92-444F-B172-A1742019C3FD} = {15294EFE-992E-4CCF-9945-7327AB2EDADD}
		{4B7FA256-3738-4933-8064-2080CA595627} = {DCD8F5B7-B381-4C10-AB86-EFE884CEBADB}
		{0BB98B41-8E7A-405D-BC5C-DB66F020A227} = {99D0E4A1-57DA-40BC-8E01-D2DE04531847}
		{4393C2E5-B3EA-4FE9-B9BE-A1178D61BA95} = {DC64FA90-4E98-442F-BBA9-116940A928CF}
		{172A1F64-213A-4162-A9C5-84757B89DA2B} = {99D0E4A1-57DA-40BC-8E01-D2DE04531847}
		{BBB43BD7-7136-40ED-84A5-992BC1BE17F2} = {99D0E4A1-57DA-40BC-8E01-D2DE04531847}
		{EEEEA9FE-F94F-4D5A-81F3-F9F4A07466B1} = {99D0E4A1-57DA-40BC-8E01-D2DE04531847}
		{D56A986D-F187-4799-8876-801089465B26} = {99D0E4A1-57DA-40BC-8E01-D2DE04531847}
		{920A2A54-CA90-4CA3-BCC8-F842477A0F85} = {99D0E4A1-57DA-40BC-8E01-D2DE04531847}
		{01039C5F-B7DD-444A-9DA3-64BEE090D58D} = {99D0E4A1-57DA-40BC-8E01-D2DE04531847}
		{413E45FB-9047-43C6-A286-0EA4A90E29EB} = {99D0E4A1-57DA-40BC-8E01-D2DE04531847}
		{BD1EC3CC-9CCE-49A8-B5BB-7493452D09BB} = {DC64FA90-4E98-442F-BBA9-116940A928CF}
		{9102F274-D893-4213-A0F0-EEECA068CB68} = {99D0E4A1-57DA-40BC-8E01-D2DE04531847}
		{07FD7B3D-A5C5-4AEB-86A3-9536D94FF861} = {DC64FA90-4E98-442F-BBA9-116940A928CF}
		{15294EFE-992E-4CCF-9945-7327AB2EDADD} = {04DBDB01-70F4-4E06-B468-8F87850B22BE}
		{DCD8F5B7-B381-4C10-AB86-EFE884CEBADB} = {04DBDB01-70F4-4E06-B468-8F87850B22BE}
		{99D0E4A1-57DA-40BC-8E01-D2DE04531847} = {00099710-CF66-4BD2-932C-5B7534B78185}
		{DC64FA90-4E98-442F-BBA9-116940A928CF} = {00099710-CF66-4BD2-932C-5B7534B78185}
		{1A94A50E-06DC-43C1-80B5-B662820EC3EB} = {CA9AC87F-097E-4F15-8393-4BC07735A5B0}
		{C956DD76-69C8-4A9C-83EA-D17DF83340FD} = {CA9AC87F-097E-4F15-8393-4BC07735A5B0}
		{068855E8-9240-4F1A-910B-CF825794513B} = {CA9AC87F-097E-4F15-8393-4BC07735A5B0}
		{50B2631D-129C-47B3-A587-029CCD6099BC} = {04DBDB01-70F4-4E06-B468-8F87850B22BE}
		{5F1B28C6-8D0C-4155-92D0-252F7EA5F674} = {04DBDB01-70F4-4E06-B468-8F87850B22BE}
		{42F719ED-8413-4895-B5B4-5AB56079BC66} = {CA9AC87F-097E-4F15-8393-4BC07735A5B0}
		{520659C8-C734-4298-A3DA-B539DB9DFC0B} = {CA9AC87F-097E-4F15-8393-4BC07735A5B0}
		{4164BDF7-F527-4E85-9CE6-E3C2D7426A27} = {CA9AC87F-097E-4F15-8393-4BC07735A5B0}
		{3B5A0094-670D-4BB1-BFDD-61B88A8773DC} = {CA9AC87F-097E-4F15-8393-4BC07735A5B0}
		{1FE30EB9-74A9-47F5-A9F6-7B1FAB672D81} = {04DBDB01-70F4-4E06-B468-8F87850B22BE}
		{91853F21-9CD9-4132-BC29-A7D5D84FFFE7} = {04DBDB01-70F4-4E06-B468-8F87850B22BE}
		{E512F4D9-9375-480F-A2F6-A46509F9D824} = {04DBDB01-70F4-4E06-B468-8F87850B22BE}
		{AA94D832-1CCC-4715-95A9-A483F23A1A5D} = {CA9AC87F-097E-4F15-8393-4BC07735A5B0}
		{F0333A40-3831-4AD2-A09A-42D35AC4F461} = {00099710-CF66-4BD2-932C-5B7534B78185}
		{DFA7DD09-BBF2-45A0-96B2-E73400D6E5AD} = {F0333A40-3831-4AD2-A09A-42D35AC4F461}
		{4D277ADA-5CCF-4ED6-9841-EF1B46C53560} = {00099710-CF66-4BD2-932C-5B7534B78185}
		{968004D8-3F03-4319-9923-2B2743E8953F} = {4D277ADA-5CCF-4ED6-9841-EF1B46C53560}
		{73A2E7ED-B537-44F8-9FF2-D0D6AE32D52E} = {4D277ADA-5CCF-4ED6-9841-EF1B46C53560}
		{83E01FA2-38B7-41D3-88B9-A5D9DAD777CC} = {4D277ADA-5CCF-4ED6-9841-EF1B46C53560}
		{25F9B05F-3CF7-491C-BECC-36DAA0BB948A} = {2B63CF79-50A5-45FF-8D38-3B2DFD3A7437}
		{30F22E60-5ACD-46D5-A6F9-A8CD3882A0D4} = {2B63CF79-50A5-45FF-8D38-3B2DFD3A7437}
		{280DDACE-FBFF-4B52-8C8F-FDDBE12C05A5} = {2B63CF79-50A5-45FF-8D38-3B2DFD3A7437}
		{D36D1B15-2769-48EE-837C-D38287E2C1AA} = {4D277ADA-5CCF-4ED6-9841-EF1B46C53560}
		{63692EBE-6C14-4E7A-86F8-48D58DA861A6} = {4D277ADA-5CCF-4ED6-9841-EF1B46C53560}
		{7651EAD1-197E-4A3A-97C1-91DC2CB60293} = {04DBDB01-70F4-4E06-B468-8F87850B22BE}
		{C70DA22F-CD79-44AA-B071-6EAFA7CB29DD} = {7651EAD1-197E-4A3A-97C1-91DC2CB60293}
		{2B63CF79-50A5-45FF-8D38-3B2DFD3A7437} = {04DBDB01-70F4-4E06-B468-8F87850B22BE}
		{0096B0E8-A27E-4D2D-8534-90008562441E} = {00099710-CF66-4BD2-932C-5B7534B78185}
		{682690E7-5932-4368-81F2-49342842123F} = {0096B0E8-A27E-4D2D-8534-90008562441E}
		{2AFE0373-0CEB-4072-A433-85A31A81B5A0} = {04DBDB01-70F4-4E06-B468-8F87850B22BE}
		{2B047013-1B49-4E35-A399-8E9263A40C15} = {2AFE0373-0CEB-4072-A433-85A31A81B5A0}
		{29B0CA02-EC1F-45B3-A777-1916A74E11CA} = {00099710-CF66-4BD2-932C-5B7534B78185}
		{79777E84-2D64-4FFA-A0F2-983B45379A5E} = {29B0CA02-EC1F-45B3-A777-1916A74E11CA}
		{155E22FC-996E-4672-A25A-E17C10440FCD} = {29B0CA02-EC1F-45B3-A777-1916A74E11CA}
		{CDE485CC-D6EA-457A-88D6-DEEAF7CAC424} = {04DBDB01-70F4-4E06-B468-8F87850B22BE}
		{CCE8C0EA-5764-4884-A913-660973B77C37} = {CDE485CC-D6EA-457A-88D6-DEEAF7CAC424}
		{470C1F23-BE64-47E1-BC64-48CF41A36A78} = {CDE485CC-D6EA-457A-88D6-DEEAF7CAC424}
		{71E3B4D0-A8DF-4DD9-A4C0-D0A323429962} = {29B0CA02-EC1F-45B3-A777-1916A74E11CA}
		{421EC2F5-0AC1-4239-A0D0-0D17EF124F5B} = {00099710-CF66-4BD2-932C-5B7534B78185}
		{EC2DA32D-B5B1-4FC0-A4CD-4AE076DBA4C1} = {29B0CA02-EC1F-45B3-A777-1916A74E11CA}
		{0355D299-4880-4F11-84A9-E14639A76AC4} = {DC64FA90-4E98-442F-BBA9-116940A928CF}
		{5F4CFB7E-A14A-40A1-8833-A55CB296D31B} = {CDE485CC-D6EA-457A-88D6-DEEAF7CAC424}
		{3E4E5506-9820-4650-8062-4A07FB2C851A} = {FF8024E0-68D2-4716-8812-E6D16730F4CC}
	EndGlobalSection
	GlobalSection(ExtensibilityGlobals) = postSolution
		SolutionGuid = {28315BFD-90E7-4E14-A2EA-F3D23AF4126F}
	EndGlobalSection
EndGlobal
