
Microsoft Visual Studio Solution File, Format Version 12.00
# Visual Studio Version 16
VisualStudioVersion = 25.0.1706.0
MinimumVisualStudioVersion = 10.0.40219.1
Project("{FAE04EC0-301F-11D3-BF4B-00C04F79EFBC}") = "Unity.Workflows", "Unity.Workflows.csproj", "{BFB6C22C-114C-40BF-A6E6-B63F77CDD034}"
EndProject
Project("{E53339B2-1760-4266-BCC7-CA923CBCF16C}") = "docker-compose", "docker-compose.dcproj", "{83B4970F-AFB1-4EE2-9DE4-7587134816B3}"
EndProject
Global
	GlobalSection(SolutionConfigurationPlatforms) = preSolution
		Debug|Any CPU = Debug|Any CPU
		Release|Any CPU = Release|Any CPU
	EndGlobalSection
	GlobalSection(ProjectConfigurationPlatforms) = postSolution
		{BFB6C22C-114C-40BF-A6E6-B63F77CDD034}.Debug|Any CPU.ActiveCfg = Debug|Any CPU
		{BFB6C22C-114C-40BF-A6E6-B63F77CDD034}.Debug|Any CPU.Build.0 = Debug|Any CPU
		{BFB6C22C-114C-40BF-A6E6-B63F77CDD034}.Release|Any CPU.ActiveCfg = Release|Any CPU
		{BFB6C22C-114C-40BF-A6E6-B63F77CDD034}.Release|Any CPU.Build.0 = Release|Any CPU
		{83B4970F-AFB1-4EE2-9DE4-7587134816B3}.Debug|Any CPU.ActiveCfg = Debug|Any CPU
		{83B4970F-AFB1-4EE2-9DE4-7587134816B3}.Debug|Any CPU.Build.0 = Debug|Any CPU
		{83B4970F-AFB1-4EE2-9DE4-7587134816B3}.Release|Any CPU.ActiveCfg = Release|Any CPU
		{83B4970F-AFB1-4EE2-9DE4-7587134816B3}.Release|Any CPU.Build.0 = Release|Any CPU
	EndGlobalSection
	GlobalSection(SolutionProperties) = preSolution
		HideSolutionNode = FALSE
	EndGlobalSection
	GlobalSection(ExtensibilityGlobals) = postSolution
		SolutionGuid = {C927D642-4B5F-489B-91C2-B65BFAD77C65}
	EndGlobalSection
EndGlobal
